// !$*UTF8*$!
{
	archiveVersion = 1;
	classes = {
	};
	objectVersion = 46;
	objects = {

/* Begin PBXBuildFile section */
		216CAC671DCD8EDA67123399 /* AVFoundation.framework in Frameworks */ = {isa = PBXBuildFile; fileRef = 7B2D3AE8605AEA5B3CA1F74F /* AVFoundation.framework */; };
		227011FF47470A27AFCC667A /* BuddyBuildSDK.framework in Frameworks */ = {isa = PBXBuildFile; fileRef = 8F2CC0C2B21D1E39EDB5ED90 /* BuddyBuildSDK.framework */; };
		34C3FDA91E2DE17C009AE284 /* UserWorkerSpec.swift in Sources */ = {isa = PBXBuildFile; fileRef = 34C3FDA81E2DE17C009AE284 /* UserWorkerSpec.swift */; };
		34C3FDAB1E2F4472009AE284 /* EditSettingsInteractorSpec.swift in Sources */ = {isa = PBXBuildFile; fileRef = 34C3FDAA1E2F4472009AE284 /* EditSettingsInteractorSpec.swift */; };
		34C3FDAD1E2F4595009AE284 /* SessionWorker.swift in Sources */ = {isa = PBXBuildFile; fileRef = 34C3FDAC1E2F4595009AE284 /* SessionWorker.swift */; };
		34C3FDAF1E2F4604009AE284 /* Settings.swift in Sources */ = {isa = PBXBuildFile; fileRef = 34C3FDAE1E2F4604009AE284 /* Settings.swift */; };
		4FBAA3BF27E5DCE3C9E8CA5E /* CoreTelephony.framework in Frameworks */ = {isa = PBXBuildFile; fileRef = C72ECF9207EED0C87A43151E /* CoreTelephony.framework */; };
		562922651E36A30500FB165C /* TestGlobals.swift in Sources */ = {isa = PBXBuildFile; fileRef = 562922641E36A30500FB165C /* TestGlobals.swift */; };
		562922671E36AD5700FB165C /* TabControlPresenterSpec.swift in Sources */ = {isa = PBXBuildFile; fileRef = 562922661E36AD5700FB165C /* TabControlPresenterSpec.swift */; };
		562922691E37436200FB165C /* ViewController.swift in Sources */ = {isa = PBXBuildFile; fileRef = 562922681E37436200FB165C /* ViewController.swift */; };
		56407BAE1E29864000970F81 /* AppDelegate.swift in Sources */ = {isa = PBXBuildFile; fileRef = 56407BAD1E29864000970F81 /* AppDelegate.swift */; };
		56407BB51E29864000970F81 /* Main.storyboard in Resources */ = {isa = PBXBuildFile; fileRef = 56407BB31E29864000970F81 /* Main.storyboard */; };
		56407BB71E29864000970F81 /* Assets.xcassets in Resources */ = {isa = PBXBuildFile; fileRef = 56407BB61E29864000970F81 /* Assets.xcassets */; };
		56407BBA1E29864000970F81 /* LaunchScreen.storyboard in Resources */ = {isa = PBXBuildFile; fileRef = 56407BB81E29864000970F81 /* LaunchScreen.storyboard */; };
		56407BD01E29864100970F81 /* ClanManagerUITests.swift in Sources */ = {isa = PBXBuildFile; fileRef = 56407BCF1E29864100970F81 /* ClanManagerUITests.swift */; };
		564A821A1E29A0A4007B3E45 /* ViewUserConfigurator.swift in Sources */ = {isa = PBXBuildFile; fileRef = 564A82141E29A0A4007B3E45 /* ViewUserConfigurator.swift */; };
		564A821B1E29A0A4007B3E45 /* ViewUserInteractor.swift in Sources */ = {isa = PBXBuildFile; fileRef = 564A82151E29A0A4007B3E45 /* ViewUserInteractor.swift */; };
		564A821C1E29A0A4007B3E45 /* ViewUserModels.swift in Sources */ = {isa = PBXBuildFile; fileRef = 564A82161E29A0A4007B3E45 /* ViewUserModels.swift */; };
		564A821D1E29A0A4007B3E45 /* ViewUserPresenter.swift in Sources */ = {isa = PBXBuildFile; fileRef = 564A82171E29A0A4007B3E45 /* ViewUserPresenter.swift */; };
		564A821E1E29A0A4007B3E45 /* ViewUserRouter.swift in Sources */ = {isa = PBXBuildFile; fileRef = 564A82181E29A0A4007B3E45 /* ViewUserRouter.swift */; };
		564A821F1E29A0A4007B3E45 /* ViewUserViewController.swift in Sources */ = {isa = PBXBuildFile; fileRef = 564A82191E29A0A4007B3E45 /* ViewUserViewController.swift */; };
		564A82281E29A46D007B3E45 /* Main.storyboard in Resources */ = {isa = PBXBuildFile; fileRef = 56407BB31E29864000970F81 /* Main.storyboard */; };
		56C7C0B81E38FB77002569D7 /* TabControlRouterSpec.swift in Sources */ = {isa = PBXBuildFile; fileRef = 56C7C0B71E38FB77002569D7 /* TabControlRouterSpec.swift */; };
		56D4AE031E2ECE55007FCF7D /* EditSettingsConfigurator.swift in Sources */ = {isa = PBXBuildFile; fileRef = 56D4ADFD1E2ECE55007FCF7D /* EditSettingsConfigurator.swift */; };
		56D4AE041E2ECE55007FCF7D /* EditSettingsInteractor.swift in Sources */ = {isa = PBXBuildFile; fileRef = 56D4ADFE1E2ECE55007FCF7D /* EditSettingsInteractor.swift */; };
		56D4AE051E2ECE55007FCF7D /* EditSettingsModels.swift in Sources */ = {isa = PBXBuildFile; fileRef = 56D4ADFF1E2ECE55007FCF7D /* EditSettingsModels.swift */; };
		56D4AE061E2ECE55007FCF7D /* EditSettingsPresenter.swift in Sources */ = {isa = PBXBuildFile; fileRef = 56D4AE001E2ECE55007FCF7D /* EditSettingsPresenter.swift */; };
		56D4AE071E2ECE55007FCF7D /* EditSettingsRouter.swift in Sources */ = {isa = PBXBuildFile; fileRef = 56D4AE011E2ECE55007FCF7D /* EditSettingsRouter.swift */; };
		56D4AE081E2ECE55007FCF7D /* EditSettingsViewController.swift in Sources */ = {isa = PBXBuildFile; fileRef = 56D4AE021E2ECE55007FCF7D /* EditSettingsViewController.swift */; };
		56D4AE121E2ED177007FCF7D /* EditSettingsViewControllerSpec.swift in Sources */ = {isa = PBXBuildFile; fileRef = 56D4AE111E2ED177007FCF7D /* EditSettingsViewControllerSpec.swift */; };
		56D4AE141E2ED9CD007FCF7D /* EditSettings.storyboard in Resources */ = {isa = PBXBuildFile; fileRef = 56D4AE131E2ED9CD007FCF7D /* EditSettings.storyboard */; };
		56D4AE151E2EDBDC007FCF7D /* EditSettings.storyboard in Resources */ = {isa = PBXBuildFile; fileRef = 56D4AE131E2ED9CD007FCF7D /* EditSettings.storyboard */; };
		56D4AE171E2FCE89007FCF7D /* SessionMemStore.swift in Sources */ = {isa = PBXBuildFile; fileRef = 56D4AE161E2FCE89007FCF7D /* SessionMemStore.swift */; };
		56D4AE191E303BD2007FCF7D /* SessionWorkerSpec.swift in Sources */ = {isa = PBXBuildFile; fileRef = 56D4AE181E303BD2007FCF7D /* SessionWorkerSpec.swift */; };
		56D4AE1B1E314754007FCF7D /* SessionMemStoreSpec.swift in Sources */ = {isa = PBXBuildFile; fileRef = 56D4AE1A1E314754007FCF7D /* SessionMemStoreSpec.swift */; };
		56E5E8C01E3481E100AA7429 /* TabControlConfigurator.swift in Sources */ = {isa = PBXBuildFile; fileRef = 56E5E8BA1E3481E100AA7429 /* TabControlConfigurator.swift */; };
		56E5E8C11E3481E100AA7429 /* TabControlInteractor.swift in Sources */ = {isa = PBXBuildFile; fileRef = 56E5E8BB1E3481E100AA7429 /* TabControlInteractor.swift */; };
		56E5E8C21E3481E100AA7429 /* TabControlModels.swift in Sources */ = {isa = PBXBuildFile; fileRef = 56E5E8BC1E3481E100AA7429 /* TabControlModels.swift */; };
		56E5E8C31E3481E100AA7429 /* TabControlPresenter.swift in Sources */ = {isa = PBXBuildFile; fileRef = 56E5E8BD1E3481E100AA7429 /* TabControlPresenter.swift */; };
		56E5E8C41E3481E100AA7429 /* TabControlRouter.swift in Sources */ = {isa = PBXBuildFile; fileRef = 56E5E8BE1E3481E100AA7429 /* TabControlRouter.swift */; };
		56E5E8C51E3481E100AA7429 /* TabControlViewController.swift in Sources */ = {isa = PBXBuildFile; fileRef = 56E5E8BF1E3481E100AA7429 /* TabControlViewController.swift */; };
		5D09886A1FAFC630BEFAC614 /* CoreText.framework in Frameworks */ = {isa = PBXBuildFile; fileRef = DCC010DE3D463CA16B82E8AC /* CoreText.framework */; };
		61DB6964938C443B9EA9D76E /* Pods_ClanManagerTests.framework in Frameworks */ = {isa = PBXBuildFile; fileRef = B5DE4F399AC246ABEC70A23D /* Pods_ClanManagerTests.framework */; };
		6C9BD12A9AD2CFF986DA2A39 /* QuartzCore.framework in Frameworks */ = {isa = PBXBuildFile; fileRef = A46136DD4041771032D65A8B /* QuartzCore.framework */; };
		72B2EE8A10AB2403B7DAAD67 /* SystemConfiguration.framework in Frameworks */ = {isa = PBXBuildFile; fileRef = 7B6A7C3B3DC41D7406C8B92D /* SystemConfiguration.framework */; };
		781C3A10152C9B257A05B3D5 /* CoreVideo.framework in Frameworks */ = {isa = PBXBuildFile; fileRef = EF9949BEF6AD680B8E958F46 /* CoreVideo.framework */; };
		8405C0E553CFCF7046A38888 /* ViewUserPresenterTests.swift in Sources */ = {isa = PBXBuildFile; fileRef = 8405CDE4331F74804BC466B5 /* ViewUserPresenterTests.swift */; };
		8405C2F47D5D83113E8ED56D /* UserWorker.swift in Sources */ = {isa = PBXBuildFile; fileRef = 8405C0214034D8703B93C136 /* UserWorker.swift */; };
		8405C3782ED1A8DE6C715A41 /* UserMemStore.swift in Sources */ = {isa = PBXBuildFile; fileRef = 8405CF082084F50BF3AF5EED /* UserMemStore.swift */; };
		8405C4BD03167466023941C5 /* UserMemStoreSpec.swift in Sources */ = {isa = PBXBuildFile; fileRef = 8405C2E62A901315224B7967 /* UserMemStoreSpec.swift */; };
		8405C5011FB219B9A034278C /* EditSettingsPresenterSpec.swift in Sources */ = {isa = PBXBuildFile; fileRef = 8405C2843218497A0B72D2E0 /* EditSettingsPresenterSpec.swift */; };
		8405C7C7178C4DD9913AB011 /* ViewUserViewControllerTests.swift in Sources */ = {isa = PBXBuildFile; fileRef = 8405C0BA59D4C44F1D5E77D6 /* ViewUserViewControllerTests.swift */; };
		8405CAF07B7E1C6F4A13E35E /* User.swift in Sources */ = {isa = PBXBuildFile; fileRef = 8405C810D46350FC56BB6766 /* User.swift */; };
		A169465DE92190C8146505AB /* AssetsLibrary.framework in Frameworks */ = {isa = PBXBuildFile; fileRef = 57E2EFCE084D54EFA2E2580A /* AssetsLibrary.framework */; };
		A852B167F21F1865D726AD51 /* CoreMedia.framework in Frameworks */ = {isa = PBXBuildFile; fileRef = C914C43E0C961F56D936C7C1 /* CoreMedia.framework */; };
		AD05A015A23A3E137F63C7C5 /* ViewUserInteractorSpec.swift in Sources */ = {isa = PBXBuildFile; fileRef = AD05A3559F7BB4D0DF47CD91 /* ViewUserInteractorSpec.swift */; };
		AD05A386D3D80159BB591944 /* TabControlViewControllerSpec.swift in Sources */ = {isa = PBXBuildFile; fileRef = AD05A518CEA7B8C1F3AA3E67 /* TabControlViewControllerSpec.swift */; };
		AD05A7D55A8E6DEF4E30A6E7 /* Router.swift in Sources */ = {isa = PBXBuildFile; fileRef = AD05ADBD44941EFEBEE1EC6A /* Router.swift */; };
		AD05A8F2F1CB77CB8DC31E0E /* TabControlInteractorSpec.swift in Sources */ = {isa = PBXBuildFile; fileRef = AD05ABA6071FE771EEC9E70F /* TabControlInteractorSpec.swift */; };
/* End PBXBuildFile section */

/* Begin PBXContainerItemProxy section */
		56407BC11E29864100970F81 /* PBXContainerItemProxy */ = {
			isa = PBXContainerItemProxy;
			containerPortal = 56407BA21E29864000970F81 /* Project object */;
			proxyType = 1;
			remoteGlobalIDString = 56407BA91E29864000970F81;
			remoteInfo = ClanManager;
		};
		56407BCC1E29864100970F81 /* PBXContainerItemProxy */ = {
			isa = PBXContainerItemProxy;
			containerPortal = 56407BA21E29864000970F81 /* Project object */;
			proxyType = 1;
			remoteGlobalIDString = 56407BA91E29864000970F81;
			remoteInfo = ClanManager;
		};
/* End PBXContainerItemProxy section */

/* Begin PBXFileReference section */
		34C3FDA81E2DE17C009AE284 /* UserWorkerSpec.swift */ = {isa = PBXFileReference; fileEncoding = 4; lastKnownFileType = sourcecode.swift; path = UserWorkerSpec.swift; sourceTree = "<group>"; };
		34C3FDAA1E2F4472009AE284 /* EditSettingsInteractorSpec.swift */ = {isa = PBXFileReference; fileEncoding = 4; lastKnownFileType = sourcecode.swift; path = EditSettingsInteractorSpec.swift; sourceTree = "<group>"; };
		34C3FDAC1E2F4595009AE284 /* SessionWorker.swift */ = {isa = PBXFileReference; fileEncoding = 4; lastKnownFileType = sourcecode.swift; path = SessionWorker.swift; sourceTree = "<group>"; };
		34C3FDAE1E2F4604009AE284 /* Settings.swift */ = {isa = PBXFileReference; fileEncoding = 4; lastKnownFileType = sourcecode.swift; path = Settings.swift; sourceTree = "<group>"; };
		562922641E36A30500FB165C /* TestGlobals.swift */ = {isa = PBXFileReference; fileEncoding = 4; lastKnownFileType = sourcecode.swift; path = TestGlobals.swift; sourceTree = "<group>"; };
		562922661E36AD5700FB165C /* TabControlPresenterSpec.swift */ = {isa = PBXFileReference; fileEncoding = 4; lastKnownFileType = sourcecode.swift; path = TabControlPresenterSpec.swift; sourceTree = "<group>"; };
		562922681E37436200FB165C /* ViewController.swift */ = {isa = PBXFileReference; fileEncoding = 4; lastKnownFileType = sourcecode.swift; path = ViewController.swift; sourceTree = "<group>"; };
		56407BAA1E29864000970F81 /* ClanManager.app */ = {isa = PBXFileReference; explicitFileType = wrapper.application; includeInIndex = 0; path = ClanManager.app; sourceTree = BUILT_PRODUCTS_DIR; };
		56407BAD1E29864000970F81 /* AppDelegate.swift */ = {isa = PBXFileReference; lastKnownFileType = sourcecode.swift; path = AppDelegate.swift; sourceTree = "<group>"; };
		56407BB41E29864000970F81 /* Base */ = {isa = PBXFileReference; lastKnownFileType = file.storyboard; name = Base; path = Base.lproj/Main.storyboard; sourceTree = "<group>"; };
		56407BB61E29864000970F81 /* Assets.xcassets */ = {isa = PBXFileReference; lastKnownFileType = folder.assetcatalog; path = Assets.xcassets; sourceTree = "<group>"; };
		56407BB91E29864000970F81 /* Base */ = {isa = PBXFileReference; lastKnownFileType = file.storyboard; name = Base; path = Base.lproj/LaunchScreen.storyboard; sourceTree = "<group>"; };
		56407BBB1E29864000970F81 /* Info.plist */ = {isa = PBXFileReference; lastKnownFileType = text.plist.xml; path = Info.plist; sourceTree = "<group>"; };
		56407BC01E29864100970F81 /* ClanManagerTests.xctest */ = {isa = PBXFileReference; explicitFileType = wrapper.cfbundle; includeInIndex = 0; path = ClanManagerTests.xctest; sourceTree = BUILT_PRODUCTS_DIR; };
		56407BC61E29864100970F81 /* Info.plist */ = {isa = PBXFileReference; lastKnownFileType = text.plist.xml; path = Info.plist; sourceTree = "<group>"; };
		56407BCB1E29864100970F81 /* ClanManagerUITests.xctest */ = {isa = PBXFileReference; explicitFileType = wrapper.cfbundle; includeInIndex = 0; path = ClanManagerUITests.xctest; sourceTree = BUILT_PRODUCTS_DIR; };
		56407BCF1E29864100970F81 /* ClanManagerUITests.swift */ = {isa = PBXFileReference; lastKnownFileType = sourcecode.swift; path = ClanManagerUITests.swift; sourceTree = "<group>"; };
		56407BD11E29864100970F81 /* Info.plist */ = {isa = PBXFileReference; lastKnownFileType = text.plist.xml; path = Info.plist; sourceTree = "<group>"; };
		564A82141E29A0A4007B3E45 /* ViewUserConfigurator.swift */ = {isa = PBXFileReference; fileEncoding = 4; lastKnownFileType = sourcecode.swift; path = ViewUserConfigurator.swift; sourceTree = "<group>"; };
		564A82151E29A0A4007B3E45 /* ViewUserInteractor.swift */ = {isa = PBXFileReference; fileEncoding = 4; lastKnownFileType = sourcecode.swift; path = ViewUserInteractor.swift; sourceTree = "<group>"; };
		564A82161E29A0A4007B3E45 /* ViewUserModels.swift */ = {isa = PBXFileReference; fileEncoding = 4; lastKnownFileType = sourcecode.swift; path = ViewUserModels.swift; sourceTree = "<group>"; };
		564A82171E29A0A4007B3E45 /* ViewUserPresenter.swift */ = {isa = PBXFileReference; fileEncoding = 4; lastKnownFileType = sourcecode.swift; path = ViewUserPresenter.swift; sourceTree = "<group>"; };
		564A82181E29A0A4007B3E45 /* ViewUserRouter.swift */ = {isa = PBXFileReference; fileEncoding = 4; lastKnownFileType = sourcecode.swift; path = ViewUserRouter.swift; sourceTree = "<group>"; };
		564A82191E29A0A4007B3E45 /* ViewUserViewController.swift */ = {isa = PBXFileReference; fileEncoding = 4; lastKnownFileType = sourcecode.swift; path = ViewUserViewController.swift; sourceTree = "<group>"; };
		56C7C0B71E38FB77002569D7 /* TabControlRouterSpec.swift */ = {isa = PBXFileReference; fileEncoding = 4; lastKnownFileType = sourcecode.swift; path = TabControlRouterSpec.swift; sourceTree = "<group>"; };
		56D4ADFD1E2ECE55007FCF7D /* EditSettingsConfigurator.swift */ = {isa = PBXFileReference; fileEncoding = 4; lastKnownFileType = sourcecode.swift; path = EditSettingsConfigurator.swift; sourceTree = "<group>"; };
		56D4ADFE1E2ECE55007FCF7D /* EditSettingsInteractor.swift */ = {isa = PBXFileReference; fileEncoding = 4; lastKnownFileType = sourcecode.swift; path = EditSettingsInteractor.swift; sourceTree = "<group>"; };
		56D4ADFF1E2ECE55007FCF7D /* EditSettingsModels.swift */ = {isa = PBXFileReference; fileEncoding = 4; lastKnownFileType = sourcecode.swift; path = EditSettingsModels.swift; sourceTree = "<group>"; };
		56D4AE001E2ECE55007FCF7D /* EditSettingsPresenter.swift */ = {isa = PBXFileReference; fileEncoding = 4; lastKnownFileType = sourcecode.swift; path = EditSettingsPresenter.swift; sourceTree = "<group>"; };
		56D4AE011E2ECE55007FCF7D /* EditSettingsRouter.swift */ = {isa = PBXFileReference; fileEncoding = 4; lastKnownFileType = sourcecode.swift; path = EditSettingsRouter.swift; sourceTree = "<group>"; };
		56D4AE021E2ECE55007FCF7D /* EditSettingsViewController.swift */ = {isa = PBXFileReference; fileEncoding = 4; lastKnownFileType = sourcecode.swift; path = EditSettingsViewController.swift; sourceTree = "<group>"; };
		56D4AE111E2ED177007FCF7D /* EditSettingsViewControllerSpec.swift */ = {isa = PBXFileReference; fileEncoding = 4; lastKnownFileType = sourcecode.swift; path = EditSettingsViewControllerSpec.swift; sourceTree = "<group>"; };
		56D4AE131E2ED9CD007FCF7D /* EditSettings.storyboard */ = {isa = PBXFileReference; fileEncoding = 4; lastKnownFileType = file.storyboard; path = EditSettings.storyboard; sourceTree = "<group>"; };
		56D4AE161E2FCE89007FCF7D /* SessionMemStore.swift */ = {isa = PBXFileReference; fileEncoding = 4; lastKnownFileType = sourcecode.swift; path = SessionMemStore.swift; sourceTree = "<group>"; };
		56D4AE181E303BD2007FCF7D /* SessionWorkerSpec.swift */ = {isa = PBXFileReference; fileEncoding = 4; lastKnownFileType = sourcecode.swift; path = SessionWorkerSpec.swift; sourceTree = "<group>"; };
		56D4AE1A1E314754007FCF7D /* SessionMemStoreSpec.swift */ = {isa = PBXFileReference; fileEncoding = 4; lastKnownFileType = sourcecode.swift; path = SessionMemStoreSpec.swift; sourceTree = "<group>"; };
		56E5E8BA1E3481E100AA7429 /* TabControlConfigurator.swift */ = {isa = PBXFileReference; fileEncoding = 4; lastKnownFileType = sourcecode.swift; path = TabControlConfigurator.swift; sourceTree = "<group>"; };
		56E5E8BB1E3481E100AA7429 /* TabControlInteractor.swift */ = {isa = PBXFileReference; fileEncoding = 4; lastKnownFileType = sourcecode.swift; path = TabControlInteractor.swift; sourceTree = "<group>"; };
		56E5E8BC1E3481E100AA7429 /* TabControlModels.swift */ = {isa = PBXFileReference; fileEncoding = 4; lastKnownFileType = sourcecode.swift; path = TabControlModels.swift; sourceTree = "<group>"; };
		56E5E8BD1E3481E100AA7429 /* TabControlPresenter.swift */ = {isa = PBXFileReference; fileEncoding = 4; lastKnownFileType = sourcecode.swift; path = TabControlPresenter.swift; sourceTree = "<group>"; };
		56E5E8BE1E3481E100AA7429 /* TabControlRouter.swift */ = {isa = PBXFileReference; fileEncoding = 4; lastKnownFileType = sourcecode.swift; path = TabControlRouter.swift; sourceTree = "<group>"; };
		56E5E8BF1E3481E100AA7429 /* TabControlViewController.swift */ = {isa = PBXFileReference; fileEncoding = 4; lastKnownFileType = sourcecode.swift; path = TabControlViewController.swift; sourceTree = "<group>"; };
		57E2EFCE084D54EFA2E2580A /* AssetsLibrary.framework */ = {isa = PBXFileReference; lastKnownFileType = wrapper.framework; name = AssetsLibrary.framework; path = System/Library/Frameworks/AssetsLibrary.framework; sourceTree = SDKROOT; };
		692B15C9E590CDDB93A0817C /* Pods-ClanManagerTests.debug.xcconfig */ = {isa = PBXFileReference; includeInIndex = 1; lastKnownFileType = text.xcconfig; name = "Pods-ClanManagerTests.debug.xcconfig"; path = "Pods/Target Support Files/Pods-ClanManagerTests/Pods-ClanManagerTests.debug.xcconfig"; sourceTree = "<group>"; };
		7B2D3AE8605AEA5B3CA1F74F /* AVFoundation.framework */ = {isa = PBXFileReference; lastKnownFileType = wrapper.framework; name = AVFoundation.framework; path = System/Library/Frameworks/AVFoundation.framework; sourceTree = SDKROOT; };
		7B6A7C3B3DC41D7406C8B92D /* SystemConfiguration.framework */ = {isa = PBXFileReference; lastKnownFileType = wrapper.framework; name = SystemConfiguration.framework; path = System/Library/Frameworks/SystemConfiguration.framework; sourceTree = SDKROOT; };
		8405C0214034D8703B93C136 /* UserWorker.swift */ = {isa = PBXFileReference; fileEncoding = 4; lastKnownFileType = sourcecode.swift; path = UserWorker.swift; sourceTree = "<group>"; };
		8405C0BA59D4C44F1D5E77D6 /* ViewUserViewControllerTests.swift */ = {isa = PBXFileReference; fileEncoding = 4; lastKnownFileType = sourcecode.swift; path = ViewUserViewControllerTests.swift; sourceTree = "<group>"; };
		8405C2843218497A0B72D2E0 /* EditSettingsPresenterSpec.swift */ = {isa = PBXFileReference; fileEncoding = 4; lastKnownFileType = sourcecode.swift; path = EditSettingsPresenterSpec.swift; sourceTree = "<group>"; };
		8405C2E62A901315224B7967 /* UserMemStoreSpec.swift */ = {isa = PBXFileReference; fileEncoding = 4; lastKnownFileType = sourcecode.swift; path = UserMemStoreSpec.swift; sourceTree = "<group>"; };
		8405C810D46350FC56BB6766 /* User.swift */ = {isa = PBXFileReference; fileEncoding = 4; lastKnownFileType = sourcecode.swift; path = User.swift; sourceTree = "<group>"; };
		8405CDE4331F74804BC466B5 /* ViewUserPresenterTests.swift */ = {isa = PBXFileReference; fileEncoding = 4; lastKnownFileType = sourcecode.swift; path = ViewUserPresenterTests.swift; sourceTree = "<group>"; };
		8405CF082084F50BF3AF5EED /* UserMemStore.swift */ = {isa = PBXFileReference; fileEncoding = 4; lastKnownFileType = sourcecode.swift; path = UserMemStore.swift; sourceTree = "<group>"; };
		8F2CC0C2B21D1E39EDB5ED90 /* BuddyBuildSDK.framework */ = {isa = PBXFileReference; lastKnownFileType = wrapper.framework; path = BuddyBuildSDK.framework; sourceTree = "<group>"; };
		A46136DD4041771032D65A8B /* QuartzCore.framework */ = {isa = PBXFileReference; lastKnownFileType = wrapper.framework; name = QuartzCore.framework; path = System/Library/Frameworks/QuartzCore.framework; sourceTree = SDKROOT; };
		AD05A3559F7BB4D0DF47CD91 /* ViewUserInteractorSpec.swift */ = {isa = PBXFileReference; fileEncoding = 4; lastKnownFileType = sourcecode.swift; path = ViewUserInteractorSpec.swift; sourceTree = "<group>"; };
		AD05A518CEA7B8C1F3AA3E67 /* TabControlViewControllerSpec.swift */ = {isa = PBXFileReference; fileEncoding = 4; lastKnownFileType = sourcecode.swift; path = TabControlViewControllerSpec.swift; sourceTree = "<group>"; };
		AD05ABA6071FE771EEC9E70F /* TabControlInteractorSpec.swift */ = {isa = PBXFileReference; fileEncoding = 4; lastKnownFileType = sourcecode.swift; path = TabControlInteractorSpec.swift; sourceTree = "<group>"; };
		AD05ADBD44941EFEBEE1EC6A /* Router.swift */ = {isa = PBXFileReference; fileEncoding = 4; lastKnownFileType = sourcecode.swift; path = Router.swift; sourceTree = "<group>"; };
		AECC1C3DF12BB1CC1760FF12 /* Pods-ClanManagerTests.release.xcconfig */ = {isa = PBXFileReference; includeInIndex = 1; lastKnownFileType = text.xcconfig; name = "Pods-ClanManagerTests.release.xcconfig"; path = "Pods/Target Support Files/Pods-ClanManagerTests/Pods-ClanManagerTests.release.xcconfig"; sourceTree = "<group>"; };
		B5DE4F399AC246ABEC70A23D /* Pods_ClanManagerTests.framework */ = {isa = PBXFileReference; explicitFileType = wrapper.framework; includeInIndex = 0; path = Pods_ClanManagerTests.framework; sourceTree = BUILT_PRODUCTS_DIR; };
		C72ECF9207EED0C87A43151E /* CoreTelephony.framework */ = {isa = PBXFileReference; lastKnownFileType = wrapper.framework; name = CoreTelephony.framework; path = System/Library/Frameworks/CoreTelephony.framework; sourceTree = SDKROOT; };
		C914C43E0C961F56D936C7C1 /* CoreMedia.framework */ = {isa = PBXFileReference; lastKnownFileType = wrapper.framework; name = CoreMedia.framework; path = System/Library/Frameworks/CoreMedia.framework; sourceTree = SDKROOT; };
		DCC010DE3D463CA16B82E8AC /* CoreText.framework */ = {isa = PBXFileReference; lastKnownFileType = wrapper.framework; name = CoreText.framework; path = System/Library/Frameworks/CoreText.framework; sourceTree = SDKROOT; };
		EF9949BEF6AD680B8E958F46 /* CoreVideo.framework */ = {isa = PBXFileReference; lastKnownFileType = wrapper.framework; name = CoreVideo.framework; path = System/Library/Frameworks/CoreVideo.framework; sourceTree = SDKROOT; };
		F5AE10C44582CF0A4166A151 /* Bridging-Header.h */ = {isa = PBXFileReference; includeInIndex = 1; lastKnownFileType = sourcecode.c.h; path = "Bridging-Header.h"; sourceTree = "<group>"; };
/* End PBXFileReference section */

/* Begin PBXFrameworksBuildPhase section */
		56407BA71E29864000970F81 /* Frameworks */ = {
			isa = PBXFrameworksBuildPhase;
			buildActionMask = 2147483647;
			files = (
				227011FF47470A27AFCC667A /* BuddyBuildSDK.framework in Frameworks */,
				A169465DE92190C8146505AB /* AssetsLibrary.framework in Frameworks */,
				5D09886A1FAFC630BEFAC614 /* CoreText.framework in Frameworks */,
				4FBAA3BF27E5DCE3C9E8CA5E /* CoreTelephony.framework in Frameworks */,
				72B2EE8A10AB2403B7DAAD67 /* SystemConfiguration.framework in Frameworks */,
				6C9BD12A9AD2CFF986DA2A39 /* QuartzCore.framework in Frameworks */,
				216CAC671DCD8EDA67123399 /* AVFoundation.framework in Frameworks */,
				A852B167F21F1865D726AD51 /* CoreMedia.framework in Frameworks */,
				781C3A10152C9B257A05B3D5 /* CoreVideo.framework in Frameworks */,
			);
			runOnlyForDeploymentPostprocessing = 0;
		};
		56407BBD1E29864100970F81 /* Frameworks */ = {
			isa = PBXFrameworksBuildPhase;
			buildActionMask = 2147483647;
			files = (
				61DB6964938C443B9EA9D76E /* Pods_ClanManagerTests.framework in Frameworks */,
			);
			runOnlyForDeploymentPostprocessing = 0;
		};
		56407BC81E29864100970F81 /* Frameworks */ = {
			isa = PBXFrameworksBuildPhase;
			buildActionMask = 2147483647;
			files = (
			);
			runOnlyForDeploymentPostprocessing = 0;
		};
/* End PBXFrameworksBuildPhase section */

/* Begin PBXGroup section */
		56407BA11E29864000970F81 = {
			isa = PBXGroup;
			children = (
				56407BAC1E29864000970F81 /* ClanManager */,
				56407BC31E29864100970F81 /* ClanManagerTests */,
				56407BCE1E29864100970F81 /* ClanManagerUITests */,
				56407BAB1E29864000970F81 /* Products */,
				A1B66609F1E16456D288E9C3 /* Frameworks */,
				F5AE10C44582CF0A4166A151 /* Bridging-Header.h */,
				B07C74161AA88FB8C9104002 /* Pods */,
			);
			sourceTree = "<group>";
		};
		56407BAB1E29864000970F81 /* Products */ = {
			isa = PBXGroup;
			children = (
				56407BAA1E29864000970F81 /* ClanManager.app */,
				56407BC01E29864100970F81 /* ClanManagerTests.xctest */,
				56407BCB1E29864100970F81 /* ClanManagerUITests.xctest */,
			);
			name = Products;
			sourceTree = "<group>";
		};
		56407BAC1E29864000970F81 /* ClanManager */ = {
			isa = PBXGroup;
			children = (
				56407BE01E299F7B00970F81 /* Scenes */,
				8405C82591AEE12E55199FA3 /* Models */,
				8405C10AEDE158B5185719AD /* Workers */,
				AD05A853873A45375F7BB59A /* Base */,
				56407BAD1E29864000970F81 /* AppDelegate.swift */,
				56407BB31E29864000970F81 /* Main.storyboard */,
				56407BB61E29864000970F81 /* Assets.xcassets */,
				56407BB81E29864000970F81 /* LaunchScreen.storyboard */,
				56407BBB1E29864000970F81 /* Info.plist */,
				8405C803961ECF44AB678F0A /* Services */,
			);
			path = ClanManager;
			sourceTree = "<group>";
		};
		56407BC31E29864100970F81 /* ClanManagerTests */ = {
			isa = PBXGroup;
			children = (
				56407BC61E29864100970F81 /* Info.plist */,
				8405C7D97BB039C9AF7AF744 /* ViewUserTests */,
				AD05A4BCB7208B70E489D6C4 /* WorkerTests */,
				8405C39D71CFF98C87F79F89 /* ServiceTests */,
				8405C4E6D2D13F9B797FE18F /* EditSettingsTests */,
				AD05ADF609803FEEEA9CA849 /* TabControlTests */,
				562922641E36A30500FB165C /* TestGlobals.swift */,
			);
			path = ClanManagerTests;
			sourceTree = "<group>";
		};
		56407BCE1E29864100970F81 /* ClanManagerUITests */ = {
			isa = PBXGroup;
			children = (
				56407BCF1E29864100970F81 /* ClanManagerUITests.swift */,
				56407BD11E29864100970F81 /* Info.plist */,
			);
			path = ClanManagerUITests;
			sourceTree = "<group>";
		};
		56407BE01E299F7B00970F81 /* Scenes */ = {
			isa = PBXGroup;
			children = (
				56407BE11E299F7B00970F81 /* ViewUser */,
				8405C66EBD86D138C1E26E2C /* EditSettings */,
				8405C50F8BECAA2388CF524A /* TabControl */,
			);
			path = Scenes;
			sourceTree = "<group>";
		};
		56407BE11E299F7B00970F81 /* ViewUser */ = {
			isa = PBXGroup;
			children = (
				564A82141E29A0A4007B3E45 /* ViewUserConfigurator.swift */,
				564A82151E29A0A4007B3E45 /* ViewUserInteractor.swift */,
				564A82161E29A0A4007B3E45 /* ViewUserModels.swift */,
				564A82171E29A0A4007B3E45 /* ViewUserPresenter.swift */,
				564A82181E29A0A4007B3E45 /* ViewUserRouter.swift */,
				564A82191E29A0A4007B3E45 /* ViewUserViewController.swift */,
			);
			path = ViewUser;
			sourceTree = "<group>";
		};
		8405C10AEDE158B5185719AD /* Workers */ = {
			isa = PBXGroup;
			children = (
				8405C0214034D8703B93C136 /* UserWorker.swift */,
				34C3FDAC1E2F4595009AE284 /* SessionWorker.swift */,
			);
			path = Workers;
			sourceTree = "<group>";
		};
		8405C39D71CFF98C87F79F89 /* ServiceTests */ = {
			isa = PBXGroup;
			children = (
				8405C2E62A901315224B7967 /* UserMemStoreSpec.swift */,
				56D4AE1A1E314754007FCF7D /* SessionMemStoreSpec.swift */,
			);
			path = ServiceTests;
			sourceTree = "<group>";
		};
		8405C4E6D2D13F9B797FE18F /* EditSettingsTests */ = {
			isa = PBXGroup;
			children = (
				56D4AE111E2ED177007FCF7D /* EditSettingsViewControllerSpec.swift */,
				34C3FDAA1E2F4472009AE284 /* EditSettingsInteractorSpec.swift */,
				8405C2843218497A0B72D2E0 /* EditSettingsPresenterSpec.swift */,
			);
			path = EditSettingsTests;
			sourceTree = "<group>";
		};
		8405C50F8BECAA2388CF524A /* TabControl */ = {
			isa = PBXGroup;
			children = (
				56E5E8BA1E3481E100AA7429 /* TabControlConfigurator.swift */,
				56E5E8BB1E3481E100AA7429 /* TabControlInteractor.swift */,
				56E5E8BC1E3481E100AA7429 /* TabControlModels.swift */,
				56E5E8BD1E3481E100AA7429 /* TabControlPresenter.swift */,
				56E5E8BE1E3481E100AA7429 /* TabControlRouter.swift */,
				56E5E8BF1E3481E100AA7429 /* TabControlViewController.swift */,
			);
			path = TabControl;
			sourceTree = "<group>";
		};
		8405C66EBD86D138C1E26E2C /* EditSettings */ = {
			isa = PBXGroup;
			children = (
				56D4ADFD1E2ECE55007FCF7D /* EditSettingsConfigurator.swift */,
				56D4ADFE1E2ECE55007FCF7D /* EditSettingsInteractor.swift */,
				56D4ADFF1E2ECE55007FCF7D /* EditSettingsModels.swift */,
				56D4AE001E2ECE55007FCF7D /* EditSettingsPresenter.swift */,
				56D4AE011E2ECE55007FCF7D /* EditSettingsRouter.swift */,
				56D4AE021E2ECE55007FCF7D /* EditSettingsViewController.swift */,
				56D4AE131E2ED9CD007FCF7D /* EditSettings.storyboard */,
			);
			path = EditSettings;
			sourceTree = "<group>";
		};
		8405C7D97BB039C9AF7AF744 /* ViewUserTests */ = {
			isa = PBXGroup;
			children = (
				8405CDE4331F74804BC466B5 /* ViewUserPresenterTests.swift */,
				8405C0BA59D4C44F1D5E77D6 /* ViewUserViewControllerTests.swift */,
				AD05A3559F7BB4D0DF47CD91 /* ViewUserInteractorSpec.swift */,
			);
			path = ViewUserTests;
			sourceTree = "<group>";
		};
		8405C803961ECF44AB678F0A /* Services */ = {
			isa = PBXGroup;
			children = (
				8405CF082084F50BF3AF5EED /* UserMemStore.swift */,
				56D4AE161E2FCE89007FCF7D /* SessionMemStore.swift */,
			);
			path = Services;
			sourceTree = "<group>";
		};
		8405C82591AEE12E55199FA3 /* Models */ = {
			isa = PBXGroup;
			children = (
				8405C810D46350FC56BB6766 /* User.swift */,
				34C3FDAE1E2F4604009AE284 /* Settings.swift */,
			);
			path = Models;
			sourceTree = "<group>";
		};
		A1B66609F1E16456D288E9C3 /* Frameworks */ = {
			isa = PBXGroup;
			children = (
				8F2CC0C2B21D1E39EDB5ED90 /* BuddyBuildSDK.framework */,
				57E2EFCE084D54EFA2E2580A /* AssetsLibrary.framework */,
				DCC010DE3D463CA16B82E8AC /* CoreText.framework */,
				C72ECF9207EED0C87A43151E /* CoreTelephony.framework */,
				7B6A7C3B3DC41D7406C8B92D /* SystemConfiguration.framework */,
				A46136DD4041771032D65A8B /* QuartzCore.framework */,
				7B2D3AE8605AEA5B3CA1F74F /* AVFoundation.framework */,
				C914C43E0C961F56D936C7C1 /* CoreMedia.framework */,
				EF9949BEF6AD680B8E958F46 /* CoreVideo.framework */,
				B5DE4F399AC246ABEC70A23D /* Pods_ClanManagerTests.framework */,
			);
			name = Frameworks;
			sourceTree = "<group>";
		};
		AD05A4BCB7208B70E489D6C4 /* WorkerTests */ = {
			isa = PBXGroup;
			children = (
				34C3FDA81E2DE17C009AE284 /* UserWorkerSpec.swift */,
				56D4AE181E303BD2007FCF7D /* SessionWorkerSpec.swift */,
			);
			path = WorkerTests;
			sourceTree = "<group>";
		};
		AD05A853873A45375F7BB59A /* Base */ = {
			isa = PBXGroup;
			children = (
				AD05ADBD44941EFEBEE1EC6A /* Router.swift */,
				562922681E37436200FB165C /* ViewController.swift */,
			);
			path = Base;
			sourceTree = "<group>";
		};
		AD05ADF609803FEEEA9CA849 /* TabControlTests */ = {
			isa = PBXGroup;
			children = (
				AD05A518CEA7B8C1F3AA3E67 /* TabControlViewControllerSpec.swift */,
				AD05ABA6071FE771EEC9E70F /* TabControlInteractorSpec.swift */,
				562922661E36AD5700FB165C /* TabControlPresenterSpec.swift */,
				56C7C0B71E38FB77002569D7 /* TabControlRouterSpec.swift */,
			);
			path = TabControlTests;
			sourceTree = "<group>";
		};
		B07C74161AA88FB8C9104002 /* Pods */ = {
			isa = PBXGroup;
			children = (
				692B15C9E590CDDB93A0817C /* Pods-ClanManagerTests.debug.xcconfig */,
				AECC1C3DF12BB1CC1760FF12 /* Pods-ClanManagerTests.release.xcconfig */,
			);
			name = Pods;
			sourceTree = "<group>";
		};
/* End PBXGroup section */

/* Begin PBXNativeTarget section */
		56407BA91E29864000970F81 /* ClanManager */ = {
			isa = PBXNativeTarget;
			buildConfigurationList = 56407BD41E29864100970F81 /* Build configuration list for PBXNativeTarget "ClanManager" */;
			buildPhases = (
				56407BA61E29864000970F81 /* Sources */,
				56407BA71E29864000970F81 /* Frameworks */,
				56407BA81E29864000970F81 /* Resources */,
			);
			buildRules = (
			);
			dependencies = (
			);
			name = ClanManager;
			productName = ClanManager;
			productReference = 56407BAA1E29864000970F81 /* ClanManager.app */;
			productType = "com.apple.product-type.application";
		};
		56407BBF1E29864100970F81 /* ClanManagerTests */ = {
			isa = PBXNativeTarget;
			buildConfigurationList = 56407BD71E29864100970F81 /* Build configuration list for PBXNativeTarget "ClanManagerTests" */;
			buildPhases = (
				6D4B44E27D3A4ED2F2B84CA7 /* [CP] Check Pods Manifest.lock */,
				56407BBC1E29864100970F81 /* Sources */,
				56407BBD1E29864100970F81 /* Frameworks */,
				56407BBE1E29864100970F81 /* Resources */,
				FFA08F3A544556AB61ED58EE /* [CP] Embed Pods Frameworks */,
				CCA7E32A2257101923B1E932 /* [CP] Copy Pods Resources */,
			);
			buildRules = (
			);
			dependencies = (
				56407BC21E29864100970F81 /* PBXTargetDependency */,
			);
			name = ClanManagerTests;
			productName = ClanManagerTests;
			productReference = 56407BC01E29864100970F81 /* ClanManagerTests.xctest */;
			productType = "com.apple.product-type.bundle.unit-test";
		};
		56407BCA1E29864100970F81 /* ClanManagerUITests */ = {
			isa = PBXNativeTarget;
			buildConfigurationList = 56407BDA1E29864100970F81 /* Build configuration list for PBXNativeTarget "ClanManagerUITests" */;
			buildPhases = (
				56407BC71E29864100970F81 /* Sources */,
				56407BC81E29864100970F81 /* Frameworks */,
				56407BC91E29864100970F81 /* Resources */,
			);
			buildRules = (
			);
			dependencies = (
				56407BCD1E29864100970F81 /* PBXTargetDependency */,
			);
			name = ClanManagerUITests;
			productName = ClanManagerUITests;
			productReference = 56407BCB1E29864100970F81 /* ClanManagerUITests.xctest */;
			productType = "com.apple.product-type.bundle.ui-testing";
		};
/* End PBXNativeTarget section */

/* Begin PBXProject section */
		56407BA21E29864000970F81 /* Project object */ = {
			isa = PBXProject;
			attributes = {
				LastSwiftUpdateCheck = 0820;
				LastUpgradeCheck = 0820;
				ORGANIZATIONNAME = Cheeseonhead;
				TargetAttributes = {
					56407BA91E29864000970F81 = {
						CreatedOnToolsVersion = 8.2.1;
						DevelopmentTeam = 9QWSV3PV48;
						ProvisioningStyle = Automatic;
					};
					56407BBF1E29864100970F81 = {
						CreatedOnToolsVersion = 8.2.1;
						DevelopmentTeam = R73WSN5T33;
						ProvisioningStyle = Automatic;
						TestTargetID = 56407BA91E29864000970F81;
					};
					56407BCA1E29864100970F81 = {
						CreatedOnToolsVersion = 8.2.1;
						DevelopmentTeam = R73WSN5T33;
						ProvisioningStyle = Automatic;
						TestTargetID = 56407BA91E29864000970F81;
					};
				};
			};
			buildConfigurationList = 56407BA51E29864000970F81 /* Build configuration list for PBXProject "ClanManager" */;
			compatibilityVersion = "Xcode 3.2";
			developmentRegion = English;
			hasScannedForEncodings = 0;
			knownRegions = (
				en,
				Base,
			);
			mainGroup = 56407BA11E29864000970F81;
			productRefGroup = 56407BAB1E29864000970F81 /* Products */;
			projectDirPath = "";
			projectRoot = "";
			targets = (
				56407BA91E29864000970F81 /* ClanManager */,
				56407BBF1E29864100970F81 /* ClanManagerTests */,
				56407BCA1E29864100970F81 /* ClanManagerUITests */,
			);
		};
/* End PBXProject section */

/* Begin PBXResourcesBuildPhase section */
		56407BA81E29864000970F81 /* Resources */ = {
			isa = PBXResourcesBuildPhase;
			buildActionMask = 2147483647;
			files = (
				56407BBA1E29864000970F81 /* LaunchScreen.storyboard in Resources */,
				56D4AE141E2ED9CD007FCF7D /* EditSettings.storyboard in Resources */,
				56407BB71E29864000970F81 /* Assets.xcassets in Resources */,
				56407BB51E29864000970F81 /* Main.storyboard in Resources */,
			);
			runOnlyForDeploymentPostprocessing = 0;
		};
		56407BBE1E29864100970F81 /* Resources */ = {
			isa = PBXResourcesBuildPhase;
			buildActionMask = 2147483647;
			files = (
				564A82281E29A46D007B3E45 /* Main.storyboard in Resources */,
				56D4AE151E2EDBDC007FCF7D /* EditSettings.storyboard in Resources */,
			);
			runOnlyForDeploymentPostprocessing = 0;
		};
		56407BC91E29864100970F81 /* Resources */ = {
			isa = PBXResourcesBuildPhase;
			buildActionMask = 2147483647;
			files = (
			);
			runOnlyForDeploymentPostprocessing = 0;
		};
/* End PBXResourcesBuildPhase section */

/* Begin PBXShellScriptBuildPhase section */
		6D4B44E27D3A4ED2F2B84CA7 /* [CP] Check Pods Manifest.lock */ = {
			isa = PBXShellScriptBuildPhase;
			buildActionMask = 2147483647;
			files = (
			);
			inputPaths = (
			);
			name = "[CP] Check Pods Manifest.lock";
			outputPaths = (
			);
			runOnlyForDeploymentPostprocessing = 0;
			shellPath = /bin/sh;
			shellScript = "diff \"${PODS_ROOT}/../Podfile.lock\" \"${PODS_ROOT}/Manifest.lock\" > /dev/null\nif [ $? != 0 ] ; then\n    # print error to STDERR\n    echo \"error: The sandbox is not in sync with the Podfile.lock. Run 'pod install' or update your CocoaPods installation.\" >&2\n    exit 1\nfi\n";
			showEnvVarsInLog = 0;
		};
		CCA7E32A2257101923B1E932 /* [CP] Copy Pods Resources */ = {
			isa = PBXShellScriptBuildPhase;
			buildActionMask = 2147483647;
			files = (
			);
			inputPaths = (
			);
			name = "[CP] Copy Pods Resources";
			outputPaths = (
			);
			runOnlyForDeploymentPostprocessing = 0;
			shellPath = /bin/sh;
			shellScript = "\"${SRCROOT}/Pods/Target Support Files/Pods-ClanManagerTests/Pods-ClanManagerTests-resources.sh\"\n";
			showEnvVarsInLog = 0;
		};
		FFA08F3A544556AB61ED58EE /* [CP] Embed Pods Frameworks */ = {
			isa = PBXShellScriptBuildPhase;
			buildActionMask = 2147483647;
			files = (
			);
			inputPaths = (
			);
			name = "[CP] Embed Pods Frameworks";
			outputPaths = (
			);
			runOnlyForDeploymentPostprocessing = 0;
			shellPath = /bin/sh;
			shellScript = "\"${SRCROOT}/Pods/Target Support Files/Pods-ClanManagerTests/Pods-ClanManagerTests-frameworks.sh\"\n";
			showEnvVarsInLog = 0;
		};
/* End PBXShellScriptBuildPhase section */

/* Begin PBXSourcesBuildPhase section */
		56407BA61E29864000970F81 /* Sources */ = {
			isa = PBXSourcesBuildPhase;
			buildActionMask = 2147483647;
			files = (
				564A821B1E29A0A4007B3E45 /* ViewUserInteractor.swift in Sources */,
				56E5E8C21E3481E100AA7429 /* TabControlModels.swift in Sources */,
				56D4AE051E2ECE55007FCF7D /* EditSettingsModels.swift in Sources */,
				56D4AE081E2ECE55007FCF7D /* EditSettingsViewController.swift in Sources */,
				56D4AE041E2ECE55007FCF7D /* EditSettingsInteractor.swift in Sources */,
				564A821D1E29A0A4007B3E45 /* ViewUserPresenter.swift in Sources */,
				564A821E1E29A0A4007B3E45 /* ViewUserRouter.swift in Sources */,
				34C3FDAF1E2F4604009AE284 /* Settings.swift in Sources */,
				56E5E8C31E3481E100AA7429 /* TabControlPresenter.swift in Sources */,
				56E5E8C11E3481E100AA7429 /* TabControlInteractor.swift in Sources */,
				564A821F1E29A0A4007B3E45 /* ViewUserViewController.swift in Sources */,
				564A821C1E29A0A4007B3E45 /* ViewUserModels.swift in Sources */,
				56D4AE071E2ECE55007FCF7D /* EditSettingsRouter.swift in Sources */,
				56D4AE171E2FCE89007FCF7D /* SessionMemStore.swift in Sources */,
				564A821A1E29A0A4007B3E45 /* ViewUserConfigurator.swift in Sources */,
				56D4AE031E2ECE55007FCF7D /* EditSettingsConfigurator.swift in Sources */,
				56407BAE1E29864000970F81 /* AppDelegate.swift in Sources */,
				8405CAF07B7E1C6F4A13E35E /* User.swift in Sources */,
				56E5E8C41E3481E100AA7429 /* TabControlRouter.swift in Sources */,
				56E5E8C51E3481E100AA7429 /* TabControlViewController.swift in Sources */,
				8405C2F47D5D83113E8ED56D /* UserWorker.swift in Sources */,
				562922691E37436200FB165C /* ViewController.swift in Sources */,
				34C3FDAD1E2F4595009AE284 /* SessionWorker.swift in Sources */,
				8405C3782ED1A8DE6C715A41 /* UserMemStore.swift in Sources */,
				56E5E8C01E3481E100AA7429 /* TabControlConfigurator.swift in Sources */,
				56D4AE061E2ECE55007FCF7D /* EditSettingsPresenter.swift in Sources */,
				AD05A7D55A8E6DEF4E30A6E7 /* Router.swift in Sources */,
			);
			runOnlyForDeploymentPostprocessing = 0;
		};
		56407BBC1E29864100970F81 /* Sources */ = {
			isa = PBXSourcesBuildPhase;
			buildActionMask = 2147483647;
			files = (
				8405C0E553CFCF7046A38888 /* ViewUserPresenterTests.swift in Sources */,
				8405C7C7178C4DD9913AB011 /* ViewUserViewControllerTests.swift in Sources */,
				34C3FDA91E2DE17C009AE284 /* UserWorkerSpec.swift in Sources */,
				56D4AE191E303BD2007FCF7D /* SessionWorkerSpec.swift in Sources */,
				562922651E36A30500FB165C /* TestGlobals.swift in Sources */,
				56D4AE121E2ED177007FCF7D /* EditSettingsViewControllerSpec.swift in Sources */,
				8405C4BD03167466023941C5 /* UserMemStoreSpec.swift in Sources */,
				56C7C0B81E38FB77002569D7 /* TabControlRouterSpec.swift in Sources */,
				AD05A015A23A3E137F63C7C5 /* ViewUserInteractorSpec.swift in Sources */,
				34C3FDAB1E2F4472009AE284 /* EditSettingsInteractorSpec.swift in Sources */,
				562922671E36AD5700FB165C /* TabControlPresenterSpec.swift in Sources */,
				56D4AE1B1E314754007FCF7D /* SessionMemStoreSpec.swift in Sources */,
				8405C5011FB219B9A034278C /* EditSettingsPresenterSpec.swift in Sources */,
				AD05A386D3D80159BB591944 /* TabControlViewControllerSpec.swift in Sources */,
				AD05A8F2F1CB77CB8DC31E0E /* TabControlInteractorSpec.swift in Sources */,
			);
			runOnlyForDeploymentPostprocessing = 0;
		};
		56407BC71E29864100970F81 /* Sources */ = {
			isa = PBXSourcesBuildPhase;
			buildActionMask = 2147483647;
			files = (
				56407BD01E29864100970F81 /* ClanManagerUITests.swift in Sources */,
			);
			runOnlyForDeploymentPostprocessing = 0;
		};
/* End PBXSourcesBuildPhase section */

/* Begin PBXTargetDependency section */
		56407BC21E29864100970F81 /* PBXTargetDependency */ = {
			isa = PBXTargetDependency;
			target = 56407BA91E29864000970F81 /* ClanManager */;
			targetProxy = 56407BC11E29864100970F81 /* PBXContainerItemProxy */;
		};
		56407BCD1E29864100970F81 /* PBXTargetDependency */ = {
			isa = PBXTargetDependency;
			target = 56407BA91E29864000970F81 /* ClanManager */;
			targetProxy = 56407BCC1E29864100970F81 /* PBXContainerItemProxy */;
		};
/* End PBXTargetDependency section */

/* Begin PBXVariantGroup section */
		56407BB31E29864000970F81 /* Main.storyboard */ = {
			isa = PBXVariantGroup;
			children = (
				56407BB41E29864000970F81 /* Base */,
			);
			name = Main.storyboard;
			sourceTree = "<group>";
		};
		56407BB81E29864000970F81 /* LaunchScreen.storyboard */ = {
			isa = PBXVariantGroup;
			children = (
				56407BB91E29864000970F81 /* Base */,
			);
			name = LaunchScreen.storyboard;
			sourceTree = "<group>";
		};
/* End PBXVariantGroup section */

/* Begin XCBuildConfiguration section */
		56407BD21E29864100970F81 /* Debug */ = {
			isa = XCBuildConfiguration;
			buildSettings = {
				ALWAYS_SEARCH_USER_PATHS = NO;
				CLANG_ANALYZER_NONNULL = YES;
				CLANG_CXX_LANGUAGE_STANDARD = "gnu++0x";
				CLANG_CXX_LIBRARY = "libc++";
				CLANG_ENABLE_MODULES = YES;
				CLANG_ENABLE_OBJC_ARC = YES;
				CLANG_WARN_BOOL_CONVERSION = YES;
				CLANG_WARN_CONSTANT_CONVERSION = YES;
				CLANG_WARN_DIRECT_OBJC_ISA_USAGE = YES_ERROR;
				CLANG_WARN_DOCUMENTATION_COMMENTS = YES;
				CLANG_WARN_EMPTY_BODY = YES;
				CLANG_WARN_ENUM_CONVERSION = YES;
				CLANG_WARN_INFINITE_RECURSION = YES;
				CLANG_WARN_INT_CONVERSION = YES;
				CLANG_WARN_OBJC_ROOT_CLASS = YES_ERROR;
				CLANG_WARN_SUSPICIOUS_MOVE = YES;
				CLANG_WARN_UNREACHABLE_CODE = YES;
				CLANG_WARN__DUPLICATE_METHOD_MATCH = YES;
				"CODE_SIGN_IDENTITY[sdk=iphoneos*]" = "iPhone Developer";
				COPY_PHASE_STRIP = NO;
				DEBUG_INFORMATION_FORMAT = dwarf;
				ENABLE_STRICT_OBJC_MSGSEND = YES;
				ENABLE_TESTABILITY = YES;
				GCC_C_LANGUAGE_STANDARD = gnu99;
				GCC_DYNAMIC_NO_PIC = NO;
				GCC_NO_COMMON_BLOCKS = YES;
				GCC_OPTIMIZATION_LEVEL = 0;
				GCC_PREPROCESSOR_DEFINITIONS = (
					"DEBUG=1",
					"$(inherited)",
				);
				GCC_WARN_64_TO_32_BIT_CONVERSION = YES;
				GCC_WARN_ABOUT_RETURN_TYPE = YES_ERROR;
				GCC_WARN_UNDECLARED_SELECTOR = YES;
				GCC_WARN_UNINITIALIZED_AUTOS = YES_AGGRESSIVE;
				GCC_WARN_UNUSED_FUNCTION = YES;
				GCC_WARN_UNUSED_VARIABLE = YES;
				IPHONEOS_DEPLOYMENT_TARGET = 10.2;
				MTL_ENABLE_DEBUG_INFO = YES;
				ONLY_ACTIVE_ARCH = YES;
				SDKROOT = iphoneos;
				SWIFT_ACTIVE_COMPILATION_CONDITIONS = DEBUG;
				SWIFT_OPTIMIZATION_LEVEL = "-Onone";
				TARGETED_DEVICE_FAMILY = "1,2";
			};
			name = Debug;
		};
		56407BD31E29864100970F81 /* Release */ = {
			isa = XCBuildConfiguration;
			buildSettings = {
				ALWAYS_SEARCH_USER_PATHS = NO;
				CLANG_ANALYZER_NONNULL = YES;
				CLANG_CXX_LANGUAGE_STANDARD = "gnu++0x";
				CLANG_CXX_LIBRARY = "libc++";
				CLANG_ENABLE_MODULES = YES;
				CLANG_ENABLE_OBJC_ARC = YES;
				CLANG_WARN_BOOL_CONVERSION = YES;
				CLANG_WARN_CONSTANT_CONVERSION = YES;
				CLANG_WARN_DIRECT_OBJC_ISA_USAGE = YES_ERROR;
				CLANG_WARN_DOCUMENTATION_COMMENTS = YES;
				CLANG_WARN_EMPTY_BODY = YES;
				CLANG_WARN_ENUM_CONVERSION = YES;
				CLANG_WARN_INFINITE_RECURSION = YES;
				CLANG_WARN_INT_CONVERSION = YES;
				CLANG_WARN_OBJC_ROOT_CLASS = YES_ERROR;
				CLANG_WARN_SUSPICIOUS_MOVE = YES;
				CLANG_WARN_UNREACHABLE_CODE = YES;
				CLANG_WARN__DUPLICATE_METHOD_MATCH = YES;
				"CODE_SIGN_IDENTITY[sdk=iphoneos*]" = "iPhone Developer";
				COPY_PHASE_STRIP = NO;
				DEBUG_INFORMATION_FORMAT = "dwarf-with-dsym";
				ENABLE_NS_ASSERTIONS = NO;
				ENABLE_STRICT_OBJC_MSGSEND = YES;
				GCC_C_LANGUAGE_STANDARD = gnu99;
				GCC_NO_COMMON_BLOCKS = YES;
				GCC_WARN_64_TO_32_BIT_CONVERSION = YES;
				GCC_WARN_ABOUT_RETURN_TYPE = YES_ERROR;
				GCC_WARN_UNDECLARED_SELECTOR = YES;
				GCC_WARN_UNINITIALIZED_AUTOS = YES_AGGRESSIVE;
				GCC_WARN_UNUSED_FUNCTION = YES;
				GCC_WARN_UNUSED_VARIABLE = YES;
				IPHONEOS_DEPLOYMENT_TARGET = 10.2;
				MTL_ENABLE_DEBUG_INFO = NO;
				SDKROOT = iphoneos;
				SWIFT_OPTIMIZATION_LEVEL = "-Owholemodule";
				TARGETED_DEVICE_FAMILY = "1,2";
				VALIDATE_PRODUCT = YES;
			};
			name = Release;
		};
		56407BD51E29864100970F81 /* Debug */ = {
			isa = XCBuildConfiguration;
			buildSettings = {
				ASSETCATALOG_COMPILER_APPICON_NAME = AppIcon;
				"CODE_SIGN_IDENTITY[sdk=iphoneos*]" = "iPhone Developer";
				DEVELOPMENT_TEAM = 9QWSV3PV48;
				FRAMEWORK_SEARCH_PATHS = (
					"$(inherited)",
					"$(PROJECT_DIR)",
				);
				INFOPLIST_FILE = ClanManager/Info.plist;
				LD_RUNPATH_SEARCH_PATHS = "$(inherited) @executable_path/Frameworks";
				PRODUCT_BUNDLE_IDENTIFIER = com.sydna.cheeseonhead.ClanManager;
				PRODUCT_NAME = "$(TARGET_NAME)";
				SWIFT_OBJC_BRIDGING_HEADER = "Bridging-Header.h";
				SWIFT_VERSION = 3.0;
			};
			name = Debug;
		};
		56407BD61E29864100970F81 /* Release */ = {
			isa = XCBuildConfiguration;
			buildSettings = {
				ASSETCATALOG_COMPILER_APPICON_NAME = AppIcon;
				"CODE_SIGN_IDENTITY[sdk=iphoneos*]" = "iPhone Developer";
				DEVELOPMENT_TEAM = 9QWSV3PV48;
				FRAMEWORK_SEARCH_PATHS = (
					"$(inherited)",
					"$(PROJECT_DIR)",
				);
				INFOPLIST_FILE = ClanManager/Info.plist;
				LD_RUNPATH_SEARCH_PATHS = "$(inherited) @executable_path/Frameworks";
				PRODUCT_BUNDLE_IDENTIFIER = com.sydna.cheeseonhead.ClanManager;
				PRODUCT_NAME = "$(TARGET_NAME)";
				SWIFT_OBJC_BRIDGING_HEADER = "Bridging-Header.h";
				SWIFT_VERSION = 3.0;
			};
			name = Release;
		};
		56407BD81E29864100970F81 /* Debug */ = {
			isa = XCBuildConfiguration;
			baseConfigurationReference = 692B15C9E590CDDB93A0817C /* Pods-ClanManagerTests.debug.xcconfig */;
			buildSettings = {
				ALWAYS_EMBED_SWIFT_STANDARD_LIBRARIES = YES;
				BUNDLE_LOADER = "$(TEST_HOST)";
				DEVELOPMENT_TEAM = R73WSN5T33;
				INFOPLIST_FILE = ClanManagerTests/Info.plist;
				LD_RUNPATH_SEARCH_PATHS = "$(inherited) @executable_path/Frameworks @loader_path/Frameworks";
				PRODUCT_BUNDLE_IDENTIFIER = com.cheeseonhead.ClanManagerTests;
				PRODUCT_NAME = "$(TARGET_NAME)";
				SWIFT_VERSION = 3.0;
				TEST_HOST = "$(BUILT_PRODUCTS_DIR)/ClanManager.app/ClanManager";
			};
			name = Debug;
		};
		56407BD91E29864100970F81 /* Release */ = {
			isa = XCBuildConfiguration;
			baseConfigurationReference = AECC1C3DF12BB1CC1760FF12 /* Pods-ClanManagerTests.release.xcconfig */;
			buildSettings = {
				ALWAYS_EMBED_SWIFT_STANDARD_LIBRARIES = YES;
				BUNDLE_LOADER = "$(TEST_HOST)";
				DEVELOPMENT_TEAM = R73WSN5T33;
				INFOPLIST_FILE = ClanManagerTests/Info.plist;
				LD_RUNPATH_SEARCH_PATHS = "$(inherited) @executable_path/Frameworks @loader_path/Frameworks";
				PRODUCT_BUNDLE_IDENTIFIER = com.cheeseonhead.ClanManagerTests;
				PRODUCT_NAME = "$(TARGET_NAME)";
				SWIFT_VERSION = 3.0;
				TEST_HOST = "$(BUILT_PRODUCTS_DIR)/ClanManager.app/ClanManager";
			};
			name = Release;
		};
		56407BDB1E29864100970F81 /* Debug */ = {
			isa = XCBuildConfiguration;
			buildSettings = {
				ALWAYS_EMBED_SWIFT_STANDARD_LIBRARIES = YES;
				DEVELOPMENT_TEAM = R73WSN5T33;
				INFOPLIST_FILE = ClanManagerUITests/Info.plist;
				LD_RUNPATH_SEARCH_PATHS = "$(inherited) @executable_path/Frameworks @loader_path/Frameworks";
				PRODUCT_BUNDLE_IDENTIFIER = com.cheeseonhead.ClanManagerUITests;
				PRODUCT_NAME = "$(TARGET_NAME)";
				SWIFT_VERSION = 3.0;
				TEST_TARGET_NAME = ClanManager;
			};
			name = Debug;
		};
		56407BDC1E29864100970F81 /* Release */ = {
			isa = XCBuildConfiguration;
			buildSettings = {
				ALWAYS_EMBED_SWIFT_STANDARD_LIBRARIES = YES;
				DEVELOPMENT_TEAM = R73WSN5T33;
				INFOPLIST_FILE = ClanManagerUITests/Info.plist;
				LD_RUNPATH_SEARCH_PATHS = "$(inherited) @executable_path/Frameworks @loader_path/Frameworks";
				PRODUCT_BUNDLE_IDENTIFIER = com.cheeseonhead.ClanManagerUITests;
				PRODUCT_NAME = "$(TARGET_NAME)";
				SWIFT_VERSION = 3.0;
				TEST_TARGET_NAME = ClanManager;
			};
			name = Release;
		};
/* End XCBuildConfiguration section */

/* Begin XCConfigurationList section */
		56407BA51E29864000970F81 /* Build configuration list for PBXProject "ClanManager" */ = {
			isa = XCConfigurationList;
			buildConfigurations = (
				56407BD21E29864100970F81 /* Debug */,
				56407BD31E29864100970F81 /* Release */,
			);
			defaultConfigurationIsVisible = 0;
			defaultConfigurationName = Release;
		};
		56407BD41E29864100970F81 /* Build configuration list for PBXNativeTarget "ClanManager" */ = {
			isa = XCConfigurationList;
			buildConfigurations = (
				56407BD51E29864100970F81 /* Debug */,
				56407BD61E29864100970F81 /* Release */,
			);
			defaultConfigurationIsVisible = 0;
			defaultConfigurationName = Release;
		};
		56407BD71E29864100970F81 /* Build configuration list for PBXNativeTarget "ClanManagerTests" */ = {
			isa = XCConfigurationList;
			buildConfigurations = (
				56407BD81E29864100970F81 /* Debug */,
				56407BD91E29864100970F81 /* Release */,
			);
			defaultConfigurationIsVisible = 0;
			defaultConfigurationName = Release;
		};
		56407BDA1E29864100970F81 /* Build configuration list for PBXNativeTarget "ClanManagerUITests" */ = {
			isa = XCConfigurationList;
			buildConfigurations = (
				56407BDB1E29864100970F81 /* Debug */,
				56407BDC1E29864100970F81 /* Release */,
			);
			defaultConfigurationIsVisible = 0;
			defaultConfigurationName = Release;
		};
/* End XCConfigurationList section */
	};
	rootObject = 56407BA21E29864000970F81 /* Project object */;
}
