// !$*UTF8*$!
{
	archiveVersion = 1;
	classes = {
	};
	objectVersion = 46;
	objects = {

/* Begin PBXBuildFile section */
		216CAC671DCD8EDA67123399 /* AVFoundation.framework in Frameworks */ = {isa = PBXBuildFile; fileRef = 7B2D3AE8605AEA5B3CA1F74F /* AVFoundation.framework */; };
		227011FF47470A27AFCC667A /* BuddyBuildSDK.framework in Frameworks */ = {isa = PBXBuildFile; fileRef = 8F2CC0C2B21D1E39EDB5ED90 /* BuddyBuildSDK.framework */; };
		4FBAA3BF27E5DCE3C9E8CA5E /* CoreTelephony.framework in Frameworks */ = {isa = PBXBuildFile; fileRef = C72ECF9207EED0C87A43151E /* CoreTelephony.framework */; };
		56407BAE1E29864000970F81 /* AppDelegate.swift in Sources */ = {isa = PBXBuildFile; fileRef = 56407BAD1E29864000970F81 /* AppDelegate.swift */; };
		56407BB51E29864000970F81 /* Main.storyboard in Resources */ = {isa = PBXBuildFile; fileRef = 56407BB31E29864000970F81 /* Main.storyboard */; };
		56407BB71E29864000970F81 /* Assets.xcassets in Resources */ = {isa = PBXBuildFile; fileRef = 56407BB61E29864000970F81 /* Assets.xcassets */; };
		56407BBA1E29864000970F81 /* LaunchScreen.storyboard in Resources */ = {isa = PBXBuildFile; fileRef = 56407BB81E29864000970F81 /* LaunchScreen.storyboard */; };
		56407BD01E29864100970F81 /* ClanManagerUITests.swift in Sources */ = {isa = PBXBuildFile; fileRef = 56407BCF1E29864100970F81 /* ClanManagerUITests.swift */; };
		564A821A1E29A0A4007B3E45 /* ViewUserConfigurator.swift in Sources */ = {isa = PBXBuildFile; fileRef = 564A82141E29A0A4007B3E45 /* ViewUserConfigurator.swift */; };
		564A821B1E29A0A4007B3E45 /* ViewUserInteractor.swift in Sources */ = {isa = PBXBuildFile; fileRef = 564A82151E29A0A4007B3E45 /* ViewUserInteractor.swift */; };
		564A821C1E29A0A4007B3E45 /* ViewUserModels.swift in Sources */ = {isa = PBXBuildFile; fileRef = 564A82161E29A0A4007B3E45 /* ViewUserModels.swift */; };
		564A821D1E29A0A4007B3E45 /* ViewUserPresenter.swift in Sources */ = {isa = PBXBuildFile; fileRef = 564A82171E29A0A4007B3E45 /* ViewUserPresenter.swift */; };
		564A821E1E29A0A4007B3E45 /* ViewUserRouter.swift in Sources */ = {isa = PBXBuildFile; fileRef = 564A82181E29A0A4007B3E45 /* ViewUserRouter.swift */; };
		564A821F1E29A0A4007B3E45 /* ViewUserViewController.swift in Sources */ = {isa = PBXBuildFile; fileRef = 564A82191E29A0A4007B3E45 /* ViewUserViewController.swift */; };
		564A82281E29A46D007B3E45 /* Main.storyboard in Resources */ = {isa = PBXBuildFile; fileRef = 56407BB31E29864000970F81 /* Main.storyboard */; };
		5D09886A1FAFC630BEFAC614 /* CoreText.framework in Frameworks */ = {isa = PBXBuildFile; fileRef = DCC010DE3D463CA16B82E8AC /* CoreText.framework */; };
		6C9BD12A9AD2CFF986DA2A39 /* QuartzCore.framework in Frameworks */ = {isa = PBXBuildFile; fileRef = A46136DD4041771032D65A8B /* QuartzCore.framework */; };
		72B2EE8A10AB2403B7DAAD67 /* SystemConfiguration.framework in Frameworks */ = {isa = PBXBuildFile; fileRef = 7B6A7C3B3DC41D7406C8B92D /* SystemConfiguration.framework */; };
		781C3A10152C9B257A05B3D5 /* CoreVideo.framework in Frameworks */ = {isa = PBXBuildFile; fileRef = EF9949BEF6AD680B8E958F46 /* CoreVideo.framework */; };
		8405C09005D95917C313B881 /* ViewUserInteractorTests.swift in Sources */ = {isa = PBXBuildFile; fileRef = 8405CDB79A6F111E700302F0 /* ViewUserInteractorTests.swift */; };
		8405C0E553CFCF7046A38888 /* ViewUserPresenterTests.swift in Sources */ = {isa = PBXBuildFile; fileRef = 8405CDE4331F74804BC466B5 /* ViewUserPresenterTests.swift */; };
		8405C2F47D5D83113E8ED56D /* UserWorker.swift in Sources */ = {isa = PBXBuildFile; fileRef = 8405C0214034D8703B93C136 /* UserWorker.swift */; };
		8405C3782ED1A8DE6C715A41 /* UserMemStore.swift in Sources */ = {isa = PBXBuildFile; fileRef = 8405CF082084F50BF3AF5EED /* UserMemStore.swift */; };
		8405C7C7178C4DD9913AB011 /* ViewUserViewControllerTests.swift in Sources */ = {isa = PBXBuildFile; fileRef = 8405C0BA59D4C44F1D5E77D6 /* ViewUserViewControllerTests.swift */; };
		8405CAF07B7E1C6F4A13E35E /* User.swift in Sources */ = {isa = PBXBuildFile; fileRef = 8405C810D46350FC56BB6766 /* User.swift */; };
		8405CE5093868A238C558F9E /* ViewUserWorkerTests.swift in Sources */ = {isa = PBXBuildFile; fileRef = 8405C2A518CB5713186FDFC0 /* ViewUserWorkerTests.swift */; };
		A169465DE92190C8146505AB /* AssetsLibrary.framework in Frameworks */ = {isa = PBXBuildFile; fileRef = 57E2EFCE084D54EFA2E2580A /* AssetsLibrary.framework */; };
		A852B167F21F1865D726AD51 /* CoreMedia.framework in Frameworks */ = {isa = PBXBuildFile; fileRef = C914C43E0C961F56D936C7C1 /* CoreMedia.framework */; };
/* End PBXBuildFile section */

/* Begin PBXContainerItemProxy section */
		56407BC11E29864100970F81 /* PBXContainerItemProxy */ = {
			isa = PBXContainerItemProxy;
			containerPortal = 56407BA21E29864000970F81 /* Project object */;
			proxyType = 1;
			remoteGlobalIDString = 56407BA91E29864000970F81;
			remoteInfo = ClanManager;
		};
		56407BCC1E29864100970F81 /* PBXContainerItemProxy */ = {
			isa = PBXContainerItemProxy;
			containerPortal = 56407BA21E29864000970F81 /* Project object */;
			proxyType = 1;
			remoteGlobalIDString = 56407BA91E29864000970F81;
			remoteInfo = ClanManager;
		};
/* End PBXContainerItemProxy section */

/* Begin PBXFileReference section */
		56407BAA1E29864000970F81 /* ClanManager.app */ = {isa = PBXFileReference; explicitFileType = wrapper.application; includeInIndex = 0; path = ClanManager.app; sourceTree = BUILT_PRODUCTS_DIR; };
		56407BAD1E29864000970F81 /* AppDelegate.swift */ = {isa = PBXFileReference; lastKnownFileType = sourcecode.swift; path = AppDelegate.swift; sourceTree = "<group>"; };
		56407BB41E29864000970F81 /* Base */ = {isa = PBXFileReference; lastKnownFileType = file.storyboard; name = Base; path = Base.lproj/Main.storyboard; sourceTree = "<group>"; };
		56407BB61E29864000970F81 /* Assets.xcassets */ = {isa = PBXFileReference; lastKnownFileType = folder.assetcatalog; path = Assets.xcassets; sourceTree = "<group>"; };
		56407BB91E29864000970F81 /* Base */ = {isa = PBXFileReference; lastKnownFileType = file.storyboard; name = Base; path = Base.lproj/LaunchScreen.storyboard; sourceTree = "<group>"; };
		56407BBB1E29864000970F81 /* Info.plist */ = {isa = PBXFileReference; lastKnownFileType = text.plist.xml; path = Info.plist; sourceTree = "<group>"; };
		56407BC01E29864100970F81 /* ClanManagerTests.xctest */ = {isa = PBXFileReference; explicitFileType = wrapper.cfbundle; includeInIndex = 0; path = ClanManagerTests.xctest; sourceTree = BUILT_PRODUCTS_DIR; };
		56407BC61E29864100970F81 /* Info.plist */ = {isa = PBXFileReference; lastKnownFileType = text.plist.xml; path = Info.plist; sourceTree = "<group>"; };
		56407BCB1E29864100970F81 /* ClanManagerUITests.xctest */ = {isa = PBXFileReference; explicitFileType = wrapper.cfbundle; includeInIndex = 0; path = ClanManagerUITests.xctest; sourceTree = BUILT_PRODUCTS_DIR; };
		56407BCF1E29864100970F81 /* ClanManagerUITests.swift */ = {isa = PBXFileReference; lastKnownFileType = sourcecode.swift; path = ClanManagerUITests.swift; sourceTree = "<group>"; };
		56407BD11E29864100970F81 /* Info.plist */ = {isa = PBXFileReference; lastKnownFileType = text.plist.xml; path = Info.plist; sourceTree = "<group>"; };
		564A82141E29A0A4007B3E45 /* ViewUserConfigurator.swift */ = {isa = PBXFileReference; fileEncoding = 4; lastKnownFileType = sourcecode.swift; path = ViewUserConfigurator.swift; sourceTree = "<group>"; };
		564A82151E29A0A4007B3E45 /* ViewUserInteractor.swift */ = {isa = PBXFileReference; fileEncoding = 4; lastKnownFileType = sourcecode.swift; path = ViewUserInteractor.swift; sourceTree = "<group>"; };
		564A82161E29A0A4007B3E45 /* ViewUserModels.swift */ = {isa = PBXFileReference; fileEncoding = 4; lastKnownFileType = sourcecode.swift; path = ViewUserModels.swift; sourceTree = "<group>"; };
		564A82171E29A0A4007B3E45 /* ViewUserPresenter.swift */ = {isa = PBXFileReference; fileEncoding = 4; lastKnownFileType = sourcecode.swift; path = ViewUserPresenter.swift; sourceTree = "<group>"; };
		564A82181E29A0A4007B3E45 /* ViewUserRouter.swift */ = {isa = PBXFileReference; fileEncoding = 4; lastKnownFileType = sourcecode.swift; path = ViewUserRouter.swift; sourceTree = "<group>"; };
		564A82191E29A0A4007B3E45 /* ViewUserViewController.swift */ = {isa = PBXFileReference; fileEncoding = 4; lastKnownFileType = sourcecode.swift; path = ViewUserViewController.swift; sourceTree = "<group>"; };
		57E2EFCE084D54EFA2E2580A /* AssetsLibrary.framework */ = {isa = PBXFileReference; lastKnownFileType = wrapper.framework; name = AssetsLibrary.framework; path = System/Library/Frameworks/AssetsLibrary.framework; sourceTree = SDKROOT; };
		7B2D3AE8605AEA5B3CA1F74F /* AVFoundation.framework */ = {isa = PBXFileReference; lastKnownFileType = wrapper.framework; name = AVFoundation.framework; path = System/Library/Frameworks/AVFoundation.framework; sourceTree = SDKROOT; };
		7B6A7C3B3DC41D7406C8B92D /* SystemConfiguration.framework */ = {isa = PBXFileReference; lastKnownFileType = wrapper.framework; name = SystemConfiguration.framework; path = System/Library/Frameworks/SystemConfiguration.framework; sourceTree = SDKROOT; };
		8405C0214034D8703B93C136 /* UserWorker.swift */ = {isa = PBXFileReference; fileEncoding = 4; lastKnownFileType = sourcecode.swift; path = UserWorker.swift; sourceTree = "<group>"; };
		8405C0BA59D4C44F1D5E77D6 /* ViewUserViewControllerTests.swift */ = {isa = PBXFileReference; fileEncoding = 4; lastKnownFileType = sourcecode.swift; path = ViewUserViewControllerTests.swift; sourceTree = "<group>"; };
		8405C2A518CB5713186FDFC0 /* ViewUserWorkerTests.swift */ = {isa = PBXFileReference; fileEncoding = 4; lastKnownFileType = sourcecode.swift; path = ViewUserWorkerTests.swift; sourceTree = "<group>"; };
		8405C810D46350FC56BB6766 /* User.swift */ = {isa = PBXFileReference; fileEncoding = 4; lastKnownFileType = sourcecode.swift; path = User.swift; sourceTree = "<group>"; };
		8405CDB79A6F111E700302F0 /* ViewUserInteractorTests.swift */ = {isa = PBXFileReference; fileEncoding = 4; lastKnownFileType = sourcecode.swift; path = ViewUserInteractorTests.swift; sourceTree = "<group>"; };
		8405CDE4331F74804BC466B5 /* ViewUserPresenterTests.swift */ = {isa = PBXFileReference; fileEncoding = 4; lastKnownFileType = sourcecode.swift; path = ViewUserPresenterTests.swift; sourceTree = "<group>"; };
		8405CF082084F50BF3AF5EED /* UserMemStore.swift */ = {isa = PBXFileReference; fileEncoding = 4; lastKnownFileType = sourcecode.swift; path = UserMemStore.swift; sourceTree = "<group>"; };
		8F2CC0C2B21D1E39EDB5ED90 /* BuddyBuildSDK.framework */ = {isa = PBXFileReference; lastKnownFileType = wrapper.framework; path = BuddyBuildSDK.framework; sourceTree = "<group>"; };
		A46136DD4041771032D65A8B /* QuartzCore.framework */ = {isa = PBXFileReference; lastKnownFileType = wrapper.framework; name = QuartzCore.framework; path = System/Library/Frameworks/QuartzCore.framework; sourceTree = SDKROOT; };
		C72ECF9207EED0C87A43151E /* CoreTelephony.framework */ = {isa = PBXFileReference; lastKnownFileType = wrapper.framework; name = CoreTelephony.framework; path = System/Library/Frameworks/CoreTelephony.framework; sourceTree = SDKROOT; };
		C914C43E0C961F56D936C7C1 /* CoreMedia.framework */ = {isa = PBXFileReference; lastKnownFileType = wrapper.framework; name = CoreMedia.framework; path = System/Library/Frameworks/CoreMedia.framework; sourceTree = SDKROOT; };
		DCC010DE3D463CA16B82E8AC /* CoreText.framework */ = {isa = PBXFileReference; lastKnownFileType = wrapper.framework; name = CoreText.framework; path = System/Library/Frameworks/CoreText.framework; sourceTree = SDKROOT; };
		EF9949BEF6AD680B8E958F46 /* CoreVideo.framework */ = {isa = PBXFileReference; lastKnownFileType = wrapper.framework; name = CoreVideo.framework; path = System/Library/Frameworks/CoreVideo.framework; sourceTree = SDKROOT; };
		F5AE10C44582CF0A4166A151 /* Bridging-Header.h */ = {isa = PBXFileReference; includeInIndex = 1; lastKnownFileType = sourcecode.c.h; path = "Bridging-Header.h"; sourceTree = "<group>"; };
/* End PBXFileReference section */

/* Begin PBXFrameworksBuildPhase section */
		56407BA71E29864000970F81 /* Frameworks */ = {
			isa = PBXFrameworksBuildPhase;
			buildActionMask = 2147483647;
			files = (
				227011FF47470A27AFCC667A /* BuddyBuildSDK.framework in Frameworks */,
				A169465DE92190C8146505AB /* AssetsLibrary.framework in Frameworks */,
				5D09886A1FAFC630BEFAC614 /* CoreText.framework in Frameworks */,
				4FBAA3BF27E5DCE3C9E8CA5E /* CoreTelephony.framework in Frameworks */,
				72B2EE8A10AB2403B7DAAD67 /* SystemConfiguration.framework in Frameworks */,
				6C9BD12A9AD2CFF986DA2A39 /* QuartzCore.framework in Frameworks */,
				216CAC671DCD8EDA67123399 /* AVFoundation.framework in Frameworks */,
				A852B167F21F1865D726AD51 /* CoreMedia.framework in Frameworks */,
				781C3A10152C9B257A05B3D5 /* CoreVideo.framework in Frameworks */,
			);
			runOnlyForDeploymentPostprocessing = 0;
		};
		56407BBD1E29864100970F81 /* Frameworks */ = {
			isa = PBXFrameworksBuildPhase;
			buildActionMask = 2147483647;
			files = (
			);
			runOnlyForDeploymentPostprocessing = 0;
		};
		56407BC81E29864100970F81 /* Frameworks */ = {
			isa = PBXFrameworksBuildPhase;
			buildActionMask = 2147483647;
			files = (
			);
			runOnlyForDeploymentPostprocessing = 0;
		};
/* End PBXFrameworksBuildPhase section */

/* Begin PBXGroup section */
		56407BA11E29864000970F81 = {
			isa = PBXGroup;
			children = (
				56407BAC1E29864000970F81 /* ClanManager */,
				56407BC31E29864100970F81 /* ClanManagerTests */,
				56407BCE1E29864100970F81 /* ClanManagerUITests */,
				56407BAB1E29864000970F81 /* Products */,
				A1B66609F1E16456D288E9C3 /* Frameworks */,
				F5AE10C44582CF0A4166A151 /* Bridging-Header.h */,
			);
			sourceTree = "<group>";
		};
		56407BAB1E29864000970F81 /* Products */ = {
			isa = PBXGroup;
			children = (
				56407BAA1E29864000970F81 /* ClanManager.app */,
				56407BC01E29864100970F81 /* ClanManagerTests.xctest */,
				56407BCB1E29864100970F81 /* ClanManagerUITests.xctest */,
			);
			name = Products;
			sourceTree = "<group>";
		};
		56407BAC1E29864000970F81 /* ClanManager */ = {
			isa = PBXGroup;
			children = (
				56407BE01E299F7B00970F81 /* Scenes */,
				8405C82591AEE12E55199FA3 /* Models */,
				8405C10AEDE158B5185719AD /* Workers */,
				56407BAD1E29864000970F81 /* AppDelegate.swift */,
				56407BB31E29864000970F81 /* Main.storyboard */,
				56407BB61E29864000970F81 /* Assets.xcassets */,
				56407BB81E29864000970F81 /* LaunchScreen.storyboard */,
				56407BBB1E29864000970F81 /* Info.plist */,
				8405C803961ECF44AB678F0A /* Services */,
			);
			path = ClanManager;
			sourceTree = "<group>";
		};
		56407BC31E29864100970F81 /* ClanManagerTests */ = {
			isa = PBXGroup;
			children = (
				56407BC61E29864100970F81 /* Info.plist */,
				8405C7D97BB039C9AF7AF744 /* ViewUserTests */,
			);
			path = ClanManagerTests;
			sourceTree = "<group>";
		};
		56407BCE1E29864100970F81 /* ClanManagerUITests */ = {
			isa = PBXGroup;
			children = (
				56407BCF1E29864100970F81 /* ClanManagerUITests.swift */,
				56407BD11E29864100970F81 /* Info.plist */,
			);
			path = ClanManagerUITests;
			sourceTree = "<group>";
		};
		56407BE01E299F7B00970F81 /* Scenes */ = {
			isa = PBXGroup;
			children = (
				56407BE11E299F7B00970F81 /* ViewUser */,
			);
			path = Scenes;
			sourceTree = "<group>";
		};
		56407BE11E299F7B00970F81 /* ViewUser */ = {
			isa = PBXGroup;
			children = (
				564A82141E29A0A4007B3E45 /* ViewUserConfigurator.swift */,
				564A82151E29A0A4007B3E45 /* ViewUserInteractor.swift */,
				564A82161E29A0A4007B3E45 /* ViewUserModels.swift */,
				564A82171E29A0A4007B3E45 /* ViewUserPresenter.swift */,
				564A82181E29A0A4007B3E45 /* ViewUserRouter.swift */,
				564A82191E29A0A4007B3E45 /* ViewUserViewController.swift */,
			);
			path = ViewUser;
			sourceTree = "<group>";
		};
		8405C10AEDE158B5185719AD /* Workers */ = {
			isa = PBXGroup;
			children = (
				8405C0214034D8703B93C136 /* UserWorker.swift */,
			);
			path = Workers;
			sourceTree = "<group>";
		};
		8405C7D97BB039C9AF7AF744 /* ViewUserTests */ = {
			isa = PBXGroup;
			children = (
				8405CDE4331F74804BC466B5 /* ViewUserPresenterTests.swift */,
				8405C2A518CB5713186FDFC0 /* ViewUserWorkerTests.swift */,
				8405CDB79A6F111E700302F0 /* ViewUserInteractorTests.swift */,
				8405C0BA59D4C44F1D5E77D6 /* ViewUserViewControllerTests.swift */,
			);
			path = ViewUserTests;
			sourceTree = "<group>";
		};
		8405C803961ECF44AB678F0A /* Services */ = {
			isa = PBXGroup;
			children = (
				8405CF082084F50BF3AF5EED /* UserMemStore.swift */,
			);
			path = Services;
			sourceTree = "<group>";
		};
		8405C82591AEE12E55199FA3 /* Models */ = {
			isa = PBXGroup;
			children = (
				8405C810D46350FC56BB6766 /* User.swift */,
			);
			path = Models;
			sourceTree = "<group>";
		};
		A1B66609F1E16456D288E9C3 /* Frameworks */ = {
			isa = PBXGroup;
			children = (
				8F2CC0C2B21D1E39EDB5ED90 /* BuddyBuildSDK.framework */,
				57E2EFCE084D54EFA2E2580A /* AssetsLibrary.framework */,
				DCC010DE3D463CA16B82E8AC /* CoreText.framework */,
				C72ECF9207EED0C87A43151E /* CoreTelephony.framework */,
				7B6A7C3B3DC41D7406C8B92D /* SystemConfiguration.framework */,
				A46136DD4041771032D65A8B /* QuartzCore.framework */,
				7B2D3AE8605AEA5B3CA1F74F /* AVFoundation.framework */,
				C914C43E0C961F56D936C7C1 /* CoreMedia.framework */,
				EF9949BEF6AD680B8E958F46 /* CoreVideo.framework */,
			);
			name = Frameworks;
			sourceTree = "<group>";
		};
/* End PBXGroup section */

/* Begin PBXNativeTarget section */
		56407BA91E29864000970F81 /* ClanManager */ = {
			isa = PBXNativeTarget;
			buildConfigurationList = 56407BD41E29864100970F81 /* Build configuration list for PBXNativeTarget "ClanManager" */;
			buildPhases = (
				56407BA61E29864000970F81 /* Sources */,
				56407BA71E29864000970F81 /* Frameworks */,
				56407BA81E29864000970F81 /* Resources */,
			);
			buildRules = (
			);
			dependencies = (
			);
			name = ClanManager;
			productName = ClanManager;
			productReference = 56407BAA1E29864000970F81 /* ClanManager.app */;
			productType = "com.apple.product-type.application";
		};
		56407BBF1E29864100970F81 /* ClanManagerTests */ = {
			isa = PBXNativeTarget;
			buildConfigurationList = 56407BD71E29864100970F81 /* Build configuration list for PBXNativeTarget "ClanManagerTests" */;
			buildPhases = (
				56407BBC1E29864100970F81 /* Sources */,
				56407BBD1E29864100970F81 /* Frameworks */,
				56407BBE1E29864100970F81 /* Resources */,
			);
			buildRules = (
			);
			dependencies = (
				56407BC21E29864100970F81 /* PBXTargetDependency */,
			);
			name = ClanManagerTests;
			productName = ClanManagerTests;
			productReference = 56407BC01E29864100970F81 /* ClanManagerTests.xctest */;
			productType = "com.apple.product-type.bundle.unit-test";
		};
		56407BCA1E29864100970F81 /* ClanManagerUITests */ = {
			isa = PBXNativeTarget;
			buildConfigurationList = 56407BDA1E29864100970F81 /* Build configuration list for PBXNativeTarget "ClanManagerUITests" */;
			buildPhases = (
				56407BC71E29864100970F81 /* Sources */,
				56407BC81E29864100970F81 /* Frameworks */,
				56407BC91E29864100970F81 /* Resources */,
			);
			buildRules = (
			);
			dependencies = (
				56407BCD1E29864100970F81 /* PBXTargetDependency */,
			);
			name = ClanManagerUITests;
			productName = ClanManagerUITests;
			productReference = 56407BCB1E29864100970F81 /* ClanManagerUITests.xctest */;
			productType = "com.apple.product-type.bundle.ui-testing";
		};
/* End PBXNativeTarget section */

/* Begin PBXProject section */
		56407BA21E29864000970F81 /* Project object */ = {
			isa = PBXProject;
			attributes = {
				LastSwiftUpdateCheck = 0820;
				LastUpgradeCheck = 0820;
				ORGANIZATIONNAME = Cheeseonhead;
				TargetAttributes = {
					56407BA91E29864000970F81 = {
						CreatedOnToolsVersion = 8.2.1;
						DevelopmentTeam = 9QWSV3PV48;
						ProvisioningStyle = Automatic;
					};
					56407BBF1E29864100970F81 = {
						CreatedOnToolsVersion = 8.2.1;
						DevelopmentTeam = R73WSN5T33;
						ProvisioningStyle = Automatic;
						TestTargetID = 56407BA91E29864000970F81;
					};
					56407BCA1E29864100970F81 = {
						CreatedOnToolsVersion = 8.2.1;
						DevelopmentTeam = R73WSN5T33;
						ProvisioningStyle = Automatic;
						TestTargetID = 56407BA91E29864000970F81;
					};
				};
			};
			buildConfigurationList = 56407BA51E29864000970F81 /* Build configuration list for PBXProject "ClanManager" */;
			compatibilityVersion = "Xcode 3.2";
			developmentRegion = English;
			hasScannedForEncodings = 0;
			knownRegions = (
				en,
				Base,
			);
			mainGroup = 56407BA11E29864000970F81;
			productRefGroup = 56407BAB1E29864000970F81 /* Products */;
			projectDirPath = "";
			projectRoot = "";
			targets = (
				56407BA91E29864000970F81 /* ClanManager */,
				56407BBF1E29864100970F81 /* ClanManagerTests */,
				56407BCA1E29864100970F81 /* ClanManagerUITests */,
			);
		};
/* End PBXProject section */

/* Begin PBXResourcesBuildPhase section */
		56407BA81E29864000970F81 /* Resources */ = {
			isa = PBXResourcesBuildPhase;
			buildActionMask = 2147483647;
			files = (
				56407BBA1E29864000970F81 /* LaunchScreen.storyboard in Resources */,
				56407BB71E29864000970F81 /* Assets.xcassets in Resources */,
				56407BB51E29864000970F81 /* Main.storyboard in Resources */,
			);
			runOnlyForDeploymentPostprocessing = 0;
		};
		56407BBE1E29864100970F81 /* Resources */ = {
			isa = PBXResourcesBuildPhase;
			buildActionMask = 2147483647;
			files = (
				564A82281E29A46D007B3E45 /* Main.storyboard in Resources */,
			);
			runOnlyForDeploymentPostprocessing = 0;
		};
		56407BC91E29864100970F81 /* Resources */ = {
			isa = PBXResourcesBuildPhase;
			buildActionMask = 2147483647;
			files = (
			);
			runOnlyForDeploymentPostprocessing = 0;
		};
/* End PBXResourcesBuildPhase section */

/* Begin PBXSourcesBuildPhase section */
		56407BA61E29864000970F81 /* Sources */ = {
			isa = PBXSourcesBuildPhase;
			buildActionMask = 2147483647;
			files = (
				564A821B1E29A0A4007B3E45 /* ViewUserInteractor.swift in Sources */,
				564A821D1E29A0A4007B3E45 /* ViewUserPresenter.swift in Sources */,
				564A821E1E29A0A4007B3E45 /* ViewUserRouter.swift in Sources */,
				564A821F1E29A0A4007B3E45 /* ViewUserViewController.swift in Sources */,
				564A821C1E29A0A4007B3E45 /* ViewUserModels.swift in Sources */,
				564A821A1E29A0A4007B3E45 /* ViewUserConfigurator.swift in Sources */,
				56407BAE1E29864000970F81 /* AppDelegate.swift in Sources */,
				8405CAF07B7E1C6F4A13E35E /* User.swift in Sources */,
				8405C2F47D5D83113E8ED56D /* UserWorker.swift in Sources */,
				8405C3782ED1A8DE6C715A41 /* UserMemStore.swift in Sources */,
			);
			runOnlyForDeploymentPostprocessing = 0;
		};
		56407BBC1E29864100970F81 /* Sources */ = {
			isa = PBXSourcesBuildPhase;
			buildActionMask = 2147483647;
			files = (
				8405C0E553CFCF7046A38888 /* ViewUserPresenterTests.swift in Sources */,
				8405CE5093868A238C558F9E /* ViewUserWorkerTests.swift in Sources */,
				8405C09005D95917C313B881 /* ViewUserInteractorTests.swift in Sources */,
				8405C7C7178C4DD9913AB011 /* ViewUserViewControllerTests.swift in Sources */,
			);
			runOnlyForDeploymentPostprocessing = 0;
		};
		56407BC71E29864100970F81 /* Sources */ = {
			isa = PBXSourcesBuildPhase;
			buildActionMask = 2147483647;
			files = (
				56407BD01E29864100970F81 /* ClanManagerUITests.swift in Sources */,
			);
			runOnlyForDeploymentPostprocessing = 0;
		};
/* End PBXSourcesBuildPhase section */

/* Begin PBXTargetDependency section */
		56407BC21E29864100970F81 /* PBXTargetDependency */ = {
			isa = PBXTargetDependency;
			target = 56407BA91E29864000970F81 /* ClanManager */;
			targetProxy = 56407BC11E29864100970F81 /* PBXContainerItemProxy */;
		};
		56407BCD1E29864100970F81 /* PBXTargetDependency */ = {
			isa = PBXTargetDependency;
			target = 56407BA91E29864000970F81 /* ClanManager */;
			targetProxy = 56407BCC1E29864100970F81 /* PBXContainerItemProxy */;
		};
/* End PBXTargetDependency section */

/* Begin PBXVariantGroup section */
		56407BB31E29864000970F81 /* Main.storyboard */ = {
			isa = PBXVariantGroup;
			children = (
				56407BB41E29864000970F81 /* Base */,
			);
			name = Main.storyboard;
			sourceTree = "<group>";
		};
		56407BB81E29864000970F81 /* LaunchScreen.storyboard */ = {
			isa = PBXVariantGroup;
			children = (
				56407BB91E29864000970F81 /* Base */,
			);
			name = LaunchScreen.storyboard;
			sourceTree = "<group>";
		};
/* End PBXVariantGroup section */

/* Begin XCBuildConfiguration section */
		56407BD21E29864100970F81 /* Debug */ = {
			isa = XCBuildConfiguration;
			buildSettings = {
				ALWAYS_SEARCH_USER_PATHS = NO;
				CLANG_ANALYZER_NONNULL = YES;
				CLANG_CXX_LANGUAGE_STANDARD = "gnu++0x";
				CLANG_CXX_LIBRARY = "libc++";
				CLANG_ENABLE_MODULES = YES;
				CLANG_ENABLE_OBJC_ARC = YES;
				CLANG_WARN_BOOL_CONVERSION = YES;
				CLANG_WARN_CONSTANT_CONVERSION = YES;
				CLANG_WARN_DIRECT_OBJC_ISA_USAGE = YES_ERROR;
				CLANG_WARN_DOCUMENTATION_COMMENTS = YES;
				CLANG_WARN_EMPTY_BODY = YES;
				CLANG_WARN_ENUM_CONVERSION = YES;
				CLANG_WARN_INFINITE_RECURSION = YES;
				CLANG_WARN_INT_CONVERSION = YES;
				CLANG_WARN_OBJC_ROOT_CLASS = YES_ERROR;
				CLANG_WARN_SUSPICIOUS_MOVE = YES;
				CLANG_WARN_UNREACHABLE_CODE = YES;
				CLANG_WARN__DUPLICATE_METHOD_MATCH = YES;
				"CODE_SIGN_IDENTITY[sdk=iphoneos*]" = "iPhone Developer";
				COPY_PHASE_STRIP = NO;
				DEBUG_INFORMATION_FORMAT = dwarf;
				ENABLE_STRICT_OBJC_MSGSEND = YES;
				ENABLE_TESTABILITY = YES;
				GCC_C_LANGUAGE_STANDARD = gnu99;
				GCC_DYNAMIC_NO_PIC = NO;
				GCC_NO_COMMON_BLOCKS = YES;
				GCC_OPTIMIZATION_LEVEL = 0;
				GCC_PREPROCESSOR_DEFINITIONS = (
					"DEBUG=1",
					"$(inherited)",
				);
				GCC_WARN_64_TO_32_BIT_CONVERSION = YES;
				GCC_WARN_ABOUT_RETURN_TYPE = YES_ERROR;
				GCC_WARN_UNDECLARED_SELECTOR = YES;
				GCC_WARN_UNINITIALIZED_AUTOS = YES_AGGRESSIVE;
				GCC_WARN_UNUSED_FUNCTION = YES;
				GCC_WARN_UNUSED_VARIABLE = YES;
				IPHONEOS_DEPLOYMENT_TARGET = 10.2;
				MTL_ENABLE_DEBUG_INFO = YES;
				ONLY_ACTIVE_ARCH = YES;
				SDKROOT = iphoneos;
				SWIFT_ACTIVE_COMPILATION_CONDITIONS = DEBUG;
				SWIFT_OPTIMIZATION_LEVEL = "-Onone";
				TARGETED_DEVICE_FAMILY = "1,2";
			};
			name = Debug;
		};
		56407BD31E29864100970F81 /* Release */ = {
			isa = XCBuildConfiguration;
			buildSettings = {
				ALWAYS_SEARCH_USER_PATHS = NO;
				CLANG_ANALYZER_NONNULL = YES;
				CLANG_CXX_LANGUAGE_STANDARD = "gnu++0x";
				CLANG_CXX_LIBRARY = "libc++";
				CLANG_ENABLE_MODULES = YES;
				CLANG_ENABLE_OBJC_ARC = YES;
				CLANG_WARN_BOOL_CONVERSION = YES;
				CLANG_WARN_CONSTANT_CONVERSION = YES;
				CLANG_WARN_DIRECT_OBJC_ISA_USAGE = YES_ERROR;
				CLANG_WARN_DOCUMENTATION_COMMENTS = YES;
				CLANG_WARN_EMPTY_BODY = YES;
				CLANG_WARN_ENUM_CONVERSION = YES;
				CLANG_WARN_INFINITE_RECURSION = YES;
				CLANG_WARN_INT_CONVERSION = YES;
				CLANG_WARN_OBJC_ROOT_CLASS = YES_ERROR;
				CLANG_WARN_SUSPICIOUS_MOVE = YES;
				CLANG_WARN_UNREACHABLE_CODE = YES;
				CLANG_WARN__DUPLICATE_METHOD_MATCH = YES;
				"CODE_SIGN_IDENTITY[sdk=iphoneos*]" = "iPhone Developer";
				COPY_PHASE_STRIP = NO;
				DEBUG_INFORMATION_FORMAT = "dwarf-with-dsym";
				ENABLE_NS_ASSERTIONS = NO;
				ENABLE_STRICT_OBJC_MSGSEND = YES;
				GCC_C_LANGUAGE_STANDARD = gnu99;
				GCC_NO_COMMON_BLOCKS = YES;
				GCC_WARN_64_TO_32_BIT_CONVERSION = YES;
				GCC_WARN_ABOUT_RETURN_TYPE = YES_ERROR;
				GCC_WARN_UNDECLARED_SELECTOR = YES;
				GCC_WARN_UNINITIALIZED_AUTOS = YES_AGGRESSIVE;
				GCC_WARN_UNUSED_FUNCTION = YES;
				GCC_WARN_UNUSED_VARIABLE = YES;
				IPHONEOS_DEPLOYMENT_TARGET = 10.2;
				MTL_ENABLE_DEBUG_INFO = NO;
				SDKROOT = iphoneos;
				SWIFT_OPTIMIZATION_LEVEL = "-Owholemodule";
				TARGETED_DEVICE_FAMILY = "1,2";
				VALIDATE_PRODUCT = YES;
			};
			name = Release;
		};
		56407BD51E29864100970F81 /* Debug */ = {
			isa = XCBuildConfiguration;
			buildSettings = {
				ASSETCATALOG_COMPILER_APPICON_NAME = AppIcon;
				"CODE_SIGN_IDENTITY[sdk=iphoneos*]" = "iPhone Developer";
				DEVELOPMENT_TEAM = 9QWSV3PV48;
				FRAMEWORK_SEARCH_PATHS = (
					"$(inherited)",
					"$(PROJECT_DIR)",
				);
				INFOPLIST_FILE = ClanManager/Info.plist;
				LD_RUNPATH_SEARCH_PATHS = "$(inherited) @executable_path/Frameworks";
				PRODUCT_BUNDLE_IDENTIFIER = com.sydna.cheeseonhead.ClanManager;
				PRODUCT_NAME = "$(TARGET_NAME)";
				SWIFT_OBJC_BRIDGING_HEADER = "Bridging-Header.h";
				SWIFT_VERSION = 3.0;
			};
			name = Debug;
		};
		56407BD61E29864100970F81 /* Release */ = {
			isa = XCBuildConfiguration;
			buildSettings = {
				ASSETCATALOG_COMPILER_APPICON_NAME = AppIcon;
				"CODE_SIGN_IDENTITY[sdk=iphoneos*]" = "iPhone Developer";
				DEVELOPMENT_TEAM = 9QWSV3PV48;
				FRAMEWORK_SEARCH_PATHS = (
					"$(inherited)",
					"$(PROJECT_DIR)",
				);
				INFOPLIST_FILE = ClanManager/Info.plist;
				LD_RUNPATH_SEARCH_PATHS = "$(inherited) @executable_path/Frameworks";
				PRODUCT_BUNDLE_IDENTIFIER = com.sydna.cheeseonhead.ClanManager;
				PRODUCT_NAME = "$(TARGET_NAME)";
				SWIFT_OBJC_BRIDGING_HEADER = "Bridging-Header.h";
				SWIFT_VERSION = 3.0;
			};
			name = Release;
		};
		56407BD81E29864100970F81 /* Debug */ = {
			isa = XCBuildConfiguration;
			buildSettings = {
				ALWAYS_EMBED_SWIFT_STANDARD_LIBRARIES = YES;
				BUNDLE_LOADER = "$(TEST_HOST)";
				DEVELOPMENT_TEAM = R73WSN5T33;
				INFOPLIST_FILE = ClanManagerTests/Info.plist;
				LD_RUNPATH_SEARCH_PATHS = "$(inherited) @executable_path/Frameworks @loader_path/Frameworks";
				PRODUCT_BUNDLE_IDENTIFIER = com.cheeseonhead.ClanManagerTests;
				PRODUCT_NAME = "$(TARGET_NAME)";
				SWIFT_VERSION = 3.0;
				TEST_HOST = "$(BUILT_PRODUCTS_DIR)/ClanManager.app/ClanManager";
			};
			name = Debug;
		};
		56407BD91E29864100970F81 /* Release */ = {
			isa = XCBuildConfiguration;
			buildSettings = {
				ALWAYS_EMBED_SWIFT_STANDARD_LIBRARIES = YES;
				BUNDLE_LOADER = "$(TEST_HOST)";
				DEVELOPMENT_TEAM = R73WSN5T33;
				INFOPLIST_FILE = ClanManagerTests/Info.plist;
				LD_RUNPATH_SEARCH_PATHS = "$(inherited) @executable_path/Frameworks @loader_path/Frameworks";
				PRODUCT_BUNDLE_IDENTIFIER = com.cheeseonhead.ClanManagerTests;
				PRODUCT_NAME = "$(TARGET_NAME)";
				SWIFT_VERSION = 3.0;
				TEST_HOST = "$(BUILT_PRODUCTS_DIR)/ClanManager.app/ClanManager";
			};
			name = Release;
		};
		56407BDB1E29864100970F81 /* Debug */ = {
			isa = XCBuildConfiguration;
			buildSettings = {
				ALWAYS_EMBED_SWIFT_STANDARD_LIBRARIES = YES;
				DEVELOPMENT_TEAM = R73WSN5T33;
				INFOPLIST_FILE = ClanManagerUITests/Info.plist;
				LD_RUNPATH_SEARCH_PATHS = "$(inherited) @executable_path/Frameworks @loader_path/Frameworks";
				PRODUCT_BUNDLE_IDENTIFIER = com.cheeseonhead.ClanManagerUITests;
				PRODUCT_NAME = "$(TARGET_NAME)";
				SWIFT_VERSION = 3.0;
				TEST_TARGET_NAME = ClanManager;
			};
			name = Debug;
		};
		56407BDC1E29864100970F81 /* Release */ = {
			isa = XCBuildConfiguration;
			buildSettings = {
				ALWAYS_EMBED_SWIFT_STANDARD_LIBRARIES = YES;
				DEVELOPMENT_TEAM = R73WSN5T33;
				INFOPLIST_FILE = ClanManagerUITests/Info.plist;
				LD_RUNPATH_SEARCH_PATHS = "$(inherited) @executable_path/Frameworks @loader_path/Frameworks";
				PRODUCT_BUNDLE_IDENTIFIER = com.cheeseonhead.ClanManagerUITests;
				PRODUCT_NAME = "$(TARGET_NAME)";
				SWIFT_VERSION = 3.0;
				TEST_TARGET_NAME = ClanManager;
			};
			name = Release;
		};
/* End XCBuildConfiguration section */

/* Begin XCConfigurationList section */
		56407BA51E29864000970F81 /* Build configuration list for PBXProject "ClanManager" */ = {
			isa = XCConfigurationList;
			buildConfigurations = (
				56407BD21E29864100970F81 /* Debug */,
				56407BD31E29864100970F81 /* Release */,
			);
			defaultConfigurationIsVisible = 0;
			defaultConfigurationName = Release;
		};
		56407BD41E29864100970F81 /* Build configuration list for PBXNativeTarget "ClanManager" */ = {
			isa = XCConfigurationList;
			buildConfigurations = (
				56407BD51E29864100970F81 /* Debug */,
				56407BD61E29864100970F81 /* Release */,
			);
			defaultConfigurationIsVisible = 0;
			defaultConfigurationName = Release;
		};
		56407BD71E29864100970F81 /* Build configuration list for PBXNativeTarget "ClanManagerTests" */ = {
			isa = XCConfigurationList;
			buildConfigurations = (
				56407BD81E29864100970F81 /* Debug */,
				56407BD91E29864100970F81 /* Release */,
			);
			defaultConfigurationIsVisible = 0;
			defaultConfigurationName = Release;
		};
		56407BDA1E29864100970F81 /* Build configuration list for PBXNativeTarget "ClanManagerUITests" */ = {
			isa = XCConfigurationList;
			buildConfigurations = (
				56407BDB1E29864100970F81 /* Debug */,
				56407BDC1E29864100970F81 /* Release */,
			);
			defaultConfigurationIsVisible = 0;
			defaultConfigurationName = Release;
		};
/* End XCConfigurationList section */
	};
	rootObject = 56407BA21E29864000970F81 /* Project object */;
}
